// !$*UTF8*$!
{
	archiveVersion = 1;
	classes = {
	};
	objectVersion = 56;
	objects = {

/* Begin PBXBuildFile section */
		1DFA10572C7F87010099D390 /* GoogleService-Info.plist in Resources */ = {isa = PBXBuildFile; fileRef = 1DFA10562C7F87010099D390 /* GoogleService-Info.plist */; };
		214E07182B91905700208E20 /* SignUpView.swift in Sources */ = {isa = PBXBuildFile; fileRef = 214E07172B91905700208E20 /* SignUpView.swift */; };
		214E071A2B91909900208E20 /* LandingPageView.swift in Sources */ = {isa = PBXBuildFile; fileRef = 214E07192B91909900208E20 /* LandingPageView.swift */; };
		214E071C2B9191E500208E20 /* LogInView.swift in Sources */ = {isa = PBXBuildFile; fileRef = 214E071B2B9191E500208E20 /* LogInView.swift */; };
		2155DC182B901CF6007D6E3A /* AuthenticApp.swift in Sources */ = {isa = PBXBuildFile; fileRef = 2155DC172B901CF6007D6E3A /* AuthenticApp.swift */; };
		2155DC1C2B901CF8007D6E3A /* Assets.xcassets in Resources */ = {isa = PBXBuildFile; fileRef = 2155DC1B2B901CF8007D6E3A /* Assets.xcassets */; };
		2155DC1F2B901CF8007D6E3A /* Preview Assets.xcassets in Resources */ = {isa = PBXBuildFile; fileRef = 2155DC1E2B901CF8007D6E3A /* Preview Assets.xcassets */; };
		2155DC212B901CF8007D6E3A /* Persistence.swift in Sources */ = {isa = PBXBuildFile; fileRef = 2155DC202B901CF8007D6E3A /* Persistence.swift */; };
		2155DC242B901CF8007D6E3A /* Authentic.xcdatamodeld in Sources */ = {isa = PBXBuildFile; fileRef = 2155DC222B901CF8007D6E3A /* Authentic.xcdatamodeld */; };
		2155DC2E2B901CF8007D6E3A /* AuthenticTests.swift in Sources */ = {isa = PBXBuildFile; fileRef = 2155DC2D2B901CF8007D6E3A /* AuthenticTests.swift */; };
		2155DC382B901CF8007D6E3A /* AuthenticUITests.swift in Sources */ = {isa = PBXBuildFile; fileRef = 2155DC372B901CF8007D6E3A /* AuthenticUITests.swift */; };
		2155DC3A2B901CF8007D6E3A /* AuthenticUITestsLaunchTests.swift in Sources */ = {isa = PBXBuildFile; fileRef = 2155DC392B901CF8007D6E3A /* AuthenticUITestsLaunchTests.swift */; };
		2155DC4A2B901FC8007D6E3A /* Algorithms in Frameworks */ = {isa = PBXBuildFile; productRef = 2155DC492B901FC8007D6E3A /* Algorithms */; };
		2155DC4D2B9021C7007D6E3A /* FirebaseAnalytics in Frameworks */ = {isa = PBXBuildFile; productRef = 2155DC4C2B9021C7007D6E3A /* FirebaseAnalytics */; };
		2155DC4F2B9021C7007D6E3A /* FirebaseAnalyticsSwift in Frameworks */ = {isa = PBXBuildFile; productRef = 2155DC4E2B9021C7007D6E3A /* FirebaseAnalyticsSwift */; };
		2155DC512B9021C7007D6E3A /* FirebaseAppCheck in Frameworks */ = {isa = PBXBuildFile; productRef = 2155DC502B9021C7007D6E3A /* FirebaseAppCheck */; };
		2155DC532B9021C7007D6E3A /* FirebaseAppDistribution-Beta in Frameworks */ = {isa = PBXBuildFile; productRef = 2155DC522B9021C7007D6E3A /* FirebaseAppDistribution-Beta */; };
		2155DC552B9021C7007D6E3A /* FirebaseAuth in Frameworks */ = {isa = PBXBuildFile; productRef = 2155DC542B9021C7007D6E3A /* FirebaseAuth */; };
		2155DC572B9021C7007D6E3A /* FirebaseCrashlytics in Frameworks */ = {isa = PBXBuildFile; productRef = 2155DC562B9021C7007D6E3A /* FirebaseCrashlytics */; };
		2155DC592B9021C7007D6E3A /* FirebaseDatabase in Frameworks */ = {isa = PBXBuildFile; productRef = 2155DC582B9021C7007D6E3A /* FirebaseDatabase */; };
		2155DC5B2B9021C7007D6E3A /* FirebaseDatabaseSwift in Frameworks */ = {isa = PBXBuildFile; productRef = 2155DC5A2B9021C7007D6E3A /* FirebaseDatabaseSwift */; };
		2155DC5D2B9021C7007D6E3A /* FirebaseDynamicLinks in Frameworks */ = {isa = PBXBuildFile; productRef = 2155DC5C2B9021C7007D6E3A /* FirebaseDynamicLinks */; };
		2155DC5F2B9021C7007D6E3A /* FirebaseFirestore in Frameworks */ = {isa = PBXBuildFile; productRef = 2155DC5E2B9021C7007D6E3A /* FirebaseFirestore */; };
		2155DC612B9021C7007D6E3A /* FirebaseFirestoreSwift in Frameworks */ = {isa = PBXBuildFile; productRef = 2155DC602B9021C7007D6E3A /* FirebaseFirestoreSwift */; };
		2155DC632B9021C7007D6E3A /* FirebaseFunctions in Frameworks */ = {isa = PBXBuildFile; productRef = 2155DC622B9021C7007D6E3A /* FirebaseFunctions */; };
		2155DC652B9021C7007D6E3A /* FirebaseFunctionsCombine-Community in Frameworks */ = {isa = PBXBuildFile; productRef = 2155DC642B9021C7007D6E3A /* FirebaseFunctionsCombine-Community */; };
		2155DC672B9021C7007D6E3A /* FirebaseInAppMessaging-Beta in Frameworks */ = {isa = PBXBuildFile; productRef = 2155DC662B9021C7007D6E3A /* FirebaseInAppMessaging-Beta */; };
		2155DC692B9021C7007D6E3A /* FirebaseInAppMessagingSwift-Beta in Frameworks */ = {isa = PBXBuildFile; productRef = 2155DC682B9021C7007D6E3A /* FirebaseInAppMessagingSwift-Beta */; };
		2155DC6B2B9021C7007D6E3A /* FirebaseInstallations in Frameworks */ = {isa = PBXBuildFile; productRef = 2155DC6A2B9021C7007D6E3A /* FirebaseInstallations */; };
		2155DC6D2B9021C7007D6E3A /* FirebaseMessaging in Frameworks */ = {isa = PBXBuildFile; productRef = 2155DC6C2B9021C7007D6E3A /* FirebaseMessaging */; };
		2155DC6F2B9021C7007D6E3A /* FirebasePerformance in Frameworks */ = {isa = PBXBuildFile; productRef = 2155DC6E2B9021C7007D6E3A /* FirebasePerformance */; };
		2155DC712B9021C7007D6E3A /* FirebaseRemoteConfig in Frameworks */ = {isa = PBXBuildFile; productRef = 2155DC702B9021C7007D6E3A /* FirebaseRemoteConfig */; };
		2155DC732B9021C7007D6E3A /* FirebaseRemoteConfigSwift in Frameworks */ = {isa = PBXBuildFile; productRef = 2155DC722B9021C7007D6E3A /* FirebaseRemoteConfigSwift */; };
		2155DC752B9021C7007D6E3A /* FirebaseStorage in Frameworks */ = {isa = PBXBuildFile; productRef = 2155DC742B9021C7007D6E3A /* FirebaseStorage */; };
		2155DC772B9021C7007D6E3A /* FirebaseStorageCombine-Community in Frameworks */ = {isa = PBXBuildFile; productRef = 2155DC762B9021C7007D6E3A /* FirebaseStorageCombine-Community */; };
		21DA5A2E2BB8857400047EA0 /* Lexend-Black.ttf in Resources */ = {isa = PBXBuildFile; fileRef = 21DA5A252BB8857300047EA0 /* Lexend-Black.ttf */; };
		21DA5A2F2BB8857400047EA0 /* Lexend-SemiBold.ttf in Resources */ = {isa = PBXBuildFile; fileRef = 21DA5A262BB8857300047EA0 /* Lexend-SemiBold.ttf */; };
		21DA5A302BB8857400047EA0 /* Lexend-Thin.ttf in Resources */ = {isa = PBXBuildFile; fileRef = 21DA5A272BB8857300047EA0 /* Lexend-Thin.ttf */; };
		21DA5A312BB8857400047EA0 /* Lexend-Medium.ttf in Resources */ = {isa = PBXBuildFile; fileRef = 21DA5A282BB8857300047EA0 /* Lexend-Medium.ttf */; };
		21DA5A322BB8857400047EA0 /* Lexend-Light.ttf in Resources */ = {isa = PBXBuildFile; fileRef = 21DA5A292BB8857300047EA0 /* Lexend-Light.ttf */; };
		21DA5A332BB8857400047EA0 /* Lexend-ExtraBold.ttf in Resources */ = {isa = PBXBuildFile; fileRef = 21DA5A2A2BB8857300047EA0 /* Lexend-ExtraBold.ttf */; };
		21DA5A342BB8857400047EA0 /* Lexend-Bold.ttf in Resources */ = {isa = PBXBuildFile; fileRef = 21DA5A2B2BB8857300047EA0 /* Lexend-Bold.ttf */; };
		21DA5A352BB8857400047EA0 /* Lexend-ExtraLight.ttf in Resources */ = {isa = PBXBuildFile; fileRef = 21DA5A2C2BB8857300047EA0 /* Lexend-ExtraLight.ttf */; };
		21DA5A362BB8857400047EA0 /* Lexend-Regular.ttf in Resources */ = {isa = PBXBuildFile; fileRef = 21DA5A2D2BB8857300047EA0 /* Lexend-Regular.ttf */; };
/* End PBXBuildFile section */

/* Begin PBXContainerItemProxy section */
		2155DC2A2B901CF8007D6E3A /* PBXContainerItemProxy */ = {
			isa = PBXContainerItemProxy;
			containerPortal = 2155DC0C2B901CF6007D6E3A /* Project object */;
			proxyType = 1;
			remoteGlobalIDString = 2155DC132B901CF6007D6E3A;
			remoteInfo = Authentic;
		};
		2155DC342B901CF8007D6E3A /* PBXContainerItemProxy */ = {
			isa = PBXContainerItemProxy;
			containerPortal = 2155DC0C2B901CF6007D6E3A /* Project object */;
			proxyType = 1;
			remoteGlobalIDString = 2155DC132B901CF6007D6E3A;
			remoteInfo = Authentic;
		};
/* End PBXContainerItemProxy section */

/* Begin PBXFileReference section */
		1DFA10562C7F87010099D390 /* GoogleService-Info.plist */ = {isa = PBXFileReference; fileEncoding = 4; lastKnownFileType = text.plist.xml; name = "GoogleService-Info.plist"; path = "../../../../../../../Downloads/GoogleService-Info.plist"; sourceTree = "<group>"; };
		214E07172B91905700208E20 /* SignUpView.swift */ = {isa = PBXFileReference; lastKnownFileType = sourcecode.swift; path = SignUpView.swift; sourceTree = "<group>"; };
		214E07192B91909900208E20 /* LandingPageView.swift */ = {isa = PBXFileReference; lastKnownFileType = sourcecode.swift; path = LandingPageView.swift; sourceTree = "<group>"; };
		214E071B2B9191E500208E20 /* LogInView.swift */ = {isa = PBXFileReference; lastKnownFileType = sourcecode.swift; path = LogInView.swift; sourceTree = "<group>"; };
		2155DC142B901CF6007D6E3A /* Authentic.app */ = {isa = PBXFileReference; explicitFileType = wrapper.application; includeInIndex = 0; path = Authentic.app; sourceTree = BUILT_PRODUCTS_DIR; };
		2155DC172B901CF6007D6E3A /* AuthenticApp.swift */ = {isa = PBXFileReference; lastKnownFileType = sourcecode.swift; path = AuthenticApp.swift; sourceTree = "<group>"; };
		2155DC1B2B901CF8007D6E3A /* Assets.xcassets */ = {isa = PBXFileReference; lastKnownFileType = folder.assetcatalog; path = Assets.xcassets; sourceTree = "<group>"; };
		2155DC1E2B901CF8007D6E3A /* Preview Assets.xcassets */ = {isa = PBXFileReference; lastKnownFileType = folder.assetcatalog; path = "Preview Assets.xcassets"; sourceTree = "<group>"; };
		2155DC202B901CF8007D6E3A /* Persistence.swift */ = {isa = PBXFileReference; lastKnownFileType = sourcecode.swift; path = Persistence.swift; sourceTree = "<group>"; };
		2155DC232B901CF8007D6E3A /* Authentic.xcdatamodel */ = {isa = PBXFileReference; lastKnownFileType = wrapper.xcdatamodel; path = Authentic.xcdatamodel; sourceTree = "<group>"; };
		2155DC292B901CF8007D6E3A /* AuthenticTests.xctest */ = {isa = PBXFileReference; explicitFileType = wrapper.cfbundle; includeInIndex = 0; path = AuthenticTests.xctest; sourceTree = BUILT_PRODUCTS_DIR; };
		2155DC2D2B901CF8007D6E3A /* AuthenticTests.swift */ = {isa = PBXFileReference; lastKnownFileType = sourcecode.swift; path = AuthenticTests.swift; sourceTree = "<group>"; };
		2155DC332B901CF8007D6E3A /* AuthenticUITests.xctest */ = {isa = PBXFileReference; explicitFileType = wrapper.cfbundle; includeInIndex = 0; path = AuthenticUITests.xctest; sourceTree = BUILT_PRODUCTS_DIR; };
		2155DC372B901CF8007D6E3A /* AuthenticUITests.swift */ = {isa = PBXFileReference; lastKnownFileType = sourcecode.swift; path = AuthenticUITests.swift; sourceTree = "<group>"; };
		2155DC392B901CF8007D6E3A /* AuthenticUITestsLaunchTests.swift */ = {isa = PBXFileReference; lastKnownFileType = sourcecode.swift; path = AuthenticUITestsLaunchTests.swift; sourceTree = "<group>"; };
		21DA5A252BB8857300047EA0 /* Lexend-Black.ttf */ = {isa = PBXFileReference; lastKnownFileType = file; path = "Lexend-Black.ttf"; sourceTree = "<group>"; };
		21DA5A262BB8857300047EA0 /* Lexend-SemiBold.ttf */ = {isa = PBXFileReference; lastKnownFileType = file; path = "Lexend-SemiBold.ttf"; sourceTree = "<group>"; };
		21DA5A272BB8857300047EA0 /* Lexend-Thin.ttf */ = {isa = PBXFileReference; lastKnownFileType = file; path = "Lexend-Thin.ttf"; sourceTree = "<group>"; };
		21DA5A282BB8857300047EA0 /* Lexend-Medium.ttf */ = {isa = PBXFileReference; lastKnownFileType = file; path = "Lexend-Medium.ttf"; sourceTree = "<group>"; };
		21DA5A292BB8857300047EA0 /* Lexend-Light.ttf */ = {isa = PBXFileReference; lastKnownFileType = file; path = "Lexend-Light.ttf"; sourceTree = "<group>"; };
		21DA5A2A2BB8857300047EA0 /* Lexend-ExtraBold.ttf */ = {isa = PBXFileReference; lastKnownFileType = file; path = "Lexend-ExtraBold.ttf"; sourceTree = "<group>"; };
		21DA5A2B2BB8857300047EA0 /* Lexend-Bold.ttf */ = {isa = PBXFileReference; lastKnownFileType = file; path = "Lexend-Bold.ttf"; sourceTree = "<group>"; };
		21DA5A2C2BB8857300047EA0 /* Lexend-ExtraLight.ttf */ = {isa = PBXFileReference; lastKnownFileType = file; path = "Lexend-ExtraLight.ttf"; sourceTree = "<group>"; };
		21DA5A2D2BB8857300047EA0 /* Lexend-Regular.ttf */ = {isa = PBXFileReference; lastKnownFileType = file; path = "Lexend-Regular.ttf"; sourceTree = "<group>"; };
		21DA5A382BB8875B00047EA0 /* Info.plist */ = {isa = PBXFileReference; lastKnownFileType = text.plist; path = Info.plist; sourceTree = "<group>"; };
/* End PBXFileReference section */

/* Begin PBXFrameworksBuildPhase section */
		2155DC112B901CF6007D6E3A /* Frameworks */ = {
			isa = PBXFrameworksBuildPhase;
			buildActionMask = 2147483647;
			files = (
				2155DC6D2B9021C7007D6E3A /* FirebaseMessaging in Frameworks */,
				2155DC512B9021C7007D6E3A /* FirebaseAppCheck in Frameworks */,
				2155DC552B9021C7007D6E3A /* FirebaseAuth in Frameworks */,
				2155DC772B9021C7007D6E3A /* FirebaseStorageCombine-Community in Frameworks */,
				2155DC732B9021C7007D6E3A /* FirebaseRemoteConfigSwift in Frameworks */,
				2155DC4F2B9021C7007D6E3A /* FirebaseAnalyticsSwift in Frameworks */,
				2155DC5B2B9021C7007D6E3A /* FirebaseDatabaseSwift in Frameworks */,
				2155DC572B9021C7007D6E3A /* FirebaseCrashlytics in Frameworks */,
				2155DC532B9021C7007D6E3A /* FirebaseAppDistribution-Beta in Frameworks */,
				2155DC4D2B9021C7007D6E3A /* FirebaseAnalytics in Frameworks */,
				2155DC652B9021C7007D6E3A /* FirebaseFunctionsCombine-Community in Frameworks */,
				2155DC6B2B9021C7007D6E3A /* FirebaseInstallations in Frameworks */,
				2155DC592B9021C7007D6E3A /* FirebaseDatabase in Frameworks */,
				2155DC4A2B901FC8007D6E3A /* Algorithms in Frameworks */,
				2155DC692B9021C7007D6E3A /* FirebaseInAppMessagingSwift-Beta in Frameworks */,
				2155DC632B9021C7007D6E3A /* FirebaseFunctions in Frameworks */,
				2155DC6F2B9021C7007D6E3A /* FirebasePerformance in Frameworks */,
				2155DC5F2B9021C7007D6E3A /* FirebaseFirestore in Frameworks */,
				2155DC5D2B9021C7007D6E3A /* FirebaseDynamicLinks in Frameworks */,
				2155DC612B9021C7007D6E3A /* FirebaseFirestoreSwift in Frameworks */,
				2155DC752B9021C7007D6E3A /* FirebaseStorage in Frameworks */,
				2155DC672B9021C7007D6E3A /* FirebaseInAppMessaging-Beta in Frameworks */,
				2155DC712B9021C7007D6E3A /* FirebaseRemoteConfig in Frameworks */,
			);
			runOnlyForDeploymentPostprocessing = 0;
		};
		2155DC262B901CF8007D6E3A /* Frameworks */ = {
			isa = PBXFrameworksBuildPhase;
			buildActionMask = 2147483647;
			files = (
			);
			runOnlyForDeploymentPostprocessing = 0;
		};
		2155DC302B901CF8007D6E3A /* Frameworks */ = {
			isa = PBXFrameworksBuildPhase;
			buildActionMask = 2147483647;
			files = (
			);
			runOnlyForDeploymentPostprocessing = 0;
		};
/* End PBXFrameworksBuildPhase section */

/* Begin PBXGroup section */
		2155DC0B2B901CF6007D6E3A = {
			isa = PBXGroup;
			children = (
				2155DC162B901CF6007D6E3A /* Authentic */,
				2155DC2C2B901CF8007D6E3A /* AuthenticTests */,
				2155DC362B901CF8007D6E3A /* AuthenticUITests */,
				2155DC152B901CF6007D6E3A /* Products */,
			);
			sourceTree = "<group>";
		};
		2155DC152B901CF6007D6E3A /* Products */ = {
			isa = PBXGroup;
			children = (
				2155DC142B901CF6007D6E3A /* Authentic.app */,
				2155DC292B901CF8007D6E3A /* AuthenticTests.xctest */,
				2155DC332B901CF8007D6E3A /* AuthenticUITests.xctest */,
			);
			name = Products;
			sourceTree = "<group>";
		};
		2155DC162B901CF6007D6E3A /* Authentic */ = {
			isa = PBXGroup;
			children = (
				21DA5A382BB8875B00047EA0 /* Info.plist */,
				21DA5A372BB8859D00047EA0 /* Fonts */,
				2155DC172B901CF6007D6E3A /* AuthenticApp.swift */,
				2155DC1B2B901CF8007D6E3A /* Assets.xcassets */,
				2155DC202B901CF8007D6E3A /* Persistence.swift */,
				2155DC222B901CF8007D6E3A /* Authentic.xcdatamodeld */,
				2155DC1D2B901CF8007D6E3A /* Preview Content */,
				214E07172B91905700208E20 /* SignUpView.swift */,
				214E071B2B9191E500208E20 /* LogInView.swift */,
				214E07192B91909900208E20 /* LandingPageView.swift */,
				1DFA10562C7F87010099D390 /* GoogleService-Info.plist */,
			);
			path = Authentic;
			sourceTree = "<group>";
		};
		2155DC1D2B901CF8007D6E3A /* Preview Content */ = {
			isa = PBXGroup;
			children = (
				2155DC1E2B901CF8007D6E3A /* Preview Assets.xcassets */,
			);
			path = "Preview Content";
			sourceTree = "<group>";
		};
		2155DC2C2B901CF8007D6E3A /* AuthenticTests */ = {
			isa = PBXGroup;
			children = (
				2155DC2D2B901CF8007D6E3A /* AuthenticTests.swift */,
			);
			path = AuthenticTests;
			sourceTree = "<group>";
		};
		2155DC362B901CF8007D6E3A /* AuthenticUITests */ = {
			isa = PBXGroup;
			children = (
				2155DC372B901CF8007D6E3A /* AuthenticUITests.swift */,
				2155DC392B901CF8007D6E3A /* AuthenticUITestsLaunchTests.swift */,
			);
			path = AuthenticUITests;
			sourceTree = "<group>";
		};
		21DA5A372BB8859D00047EA0 /* Fonts */ = {
			isa = PBXGroup;
			children = (
				21DA5A2A2BB8857300047EA0 /* Lexend-ExtraBold.ttf */,
				21DA5A252BB8857300047EA0 /* Lexend-Black.ttf */,
				21DA5A2B2BB8857300047EA0 /* Lexend-Bold.ttf */,
				21DA5A2C2BB8857300047EA0 /* Lexend-ExtraLight.ttf */,
				21DA5A292BB8857300047EA0 /* Lexend-Light.ttf */,
				21DA5A282BB8857300047EA0 /* Lexend-Medium.ttf */,
				21DA5A2D2BB8857300047EA0 /* Lexend-Regular.ttf */,
				21DA5A262BB8857300047EA0 /* Lexend-SemiBold.ttf */,
				21DA5A272BB8857300047EA0 /* Lexend-Thin.ttf */,
			);
			path = Fonts;
			sourceTree = "<group>";
		};
/* End PBXGroup section */

/* Begin PBXNativeTarget section */
		2155DC132B901CF6007D6E3A /* Authentic */ = {
			isa = PBXNativeTarget;
			buildConfigurationList = 2155DC3D2B901CF8007D6E3A /* Build configuration list for PBXNativeTarget "Authentic" */;
			buildPhases = (
				2155DC102B901CF6007D6E3A /* Sources */,
				2155DC112B901CF6007D6E3A /* Frameworks */,
				2155DC122B901CF6007D6E3A /* Resources */,
			);
			buildRules = (
			);
			dependencies = (
			);
			name = Authentic;
			packageProductDependencies = (
				2155DC492B901FC8007D6E3A /* Algorithms */,
				2155DC4C2B9021C7007D6E3A /* FirebaseAnalytics */,
				2155DC4E2B9021C7007D6E3A /* FirebaseAnalyticsSwift */,
				2155DC502B9021C7007D6E3A /* FirebaseAppCheck */,
				2155DC522B9021C7007D6E3A /* FirebaseAppDistribution-Beta */,
				2155DC542B9021C7007D6E3A /* FirebaseAuth */,
				2155DC562B9021C7007D6E3A /* FirebaseCrashlytics */,
				2155DC582B9021C7007D6E3A /* FirebaseDatabase */,
				2155DC5A2B9021C7007D6E3A /* FirebaseDatabaseSwift */,
				2155DC5C2B9021C7007D6E3A /* FirebaseDynamicLinks */,
				2155DC5E2B9021C7007D6E3A /* FirebaseFirestore */,
				2155DC602B9021C7007D6E3A /* FirebaseFirestoreSwift */,
				2155DC622B9021C7007D6E3A /* FirebaseFunctions */,
				2155DC642B9021C7007D6E3A /* FirebaseFunctionsCombine-Community */,
				2155DC662B9021C7007D6E3A /* FirebaseInAppMessaging-Beta */,
				2155DC682B9021C7007D6E3A /* FirebaseInAppMessagingSwift-Beta */,
				2155DC6A2B9021C7007D6E3A /* FirebaseInstallations */,
				2155DC6C2B9021C7007D6E3A /* FirebaseMessaging */,
				2155DC6E2B9021C7007D6E3A /* FirebasePerformance */,
				2155DC702B9021C7007D6E3A /* FirebaseRemoteConfig */,
				2155DC722B9021C7007D6E3A /* FirebaseRemoteConfigSwift */,
				2155DC742B9021C7007D6E3A /* FirebaseStorage */,
				2155DC762B9021C7007D6E3A /* FirebaseStorageCombine-Community */,
			);
			productName = Authentic;
			productReference = 2155DC142B901CF6007D6E3A /* Authentic.app */;
			productType = "com.apple.product-type.application";
		};
		2155DC282B901CF8007D6E3A /* AuthenticTests */ = {
			isa = PBXNativeTarget;
			buildConfigurationList = 2155DC402B901CF8007D6E3A /* Build configuration list for PBXNativeTarget "AuthenticTests" */;
			buildPhases = (
				2155DC252B901CF8007D6E3A /* Sources */,
				2155DC262B901CF8007D6E3A /* Frameworks */,
				2155DC272B901CF8007D6E3A /* Resources */,
			);
			buildRules = (
			);
			dependencies = (
				2155DC2B2B901CF8007D6E3A /* PBXTargetDependency */,
			);
			name = AuthenticTests;
			productName = AuthenticTests;
			productReference = 2155DC292B901CF8007D6E3A /* AuthenticTests.xctest */;
			productType = "com.apple.product-type.bundle.unit-test";
		};
		2155DC322B901CF8007D6E3A /* AuthenticUITests */ = {
			isa = PBXNativeTarget;
			buildConfigurationList = 2155DC432B901CF8007D6E3A /* Build configuration list for PBXNativeTarget "AuthenticUITests" */;
			buildPhases = (
				2155DC2F2B901CF8007D6E3A /* Sources */,
				2155DC302B901CF8007D6E3A /* Frameworks */,
				2155DC312B901CF8007D6E3A /* Resources */,
			);
			buildRules = (
			);
			dependencies = (
				2155DC352B901CF8007D6E3A /* PBXTargetDependency */,
			);
			name = AuthenticUITests;
			productName = AuthenticUITests;
			productReference = 2155DC332B901CF8007D6E3A /* AuthenticUITests.xctest */;
			productType = "com.apple.product-type.bundle.ui-testing";
		};
/* End PBXNativeTarget section */

/* Begin PBXProject section */
		2155DC0C2B901CF6007D6E3A /* Project object */ = {
			isa = PBXProject;
			attributes = {
				BuildIndependentTargetsInParallel = 1;
				LastSwiftUpdateCheck = 1430;
				LastUpgradeCheck = 1540;
				TargetAttributes = {
					2155DC132B901CF6007D6E3A = {
						CreatedOnToolsVersion = 14.3.1;
					};
					2155DC282B901CF8007D6E3A = {
						CreatedOnToolsVersion = 14.3.1;
						TestTargetID = 2155DC132B901CF6007D6E3A;
					};
					2155DC322B901CF8007D6E3A = {
						CreatedOnToolsVersion = 14.3.1;
						TestTargetID = 2155DC132B901CF6007D6E3A;
					};
				};
			};
			buildConfigurationList = 2155DC0F2B901CF6007D6E3A /* Build configuration list for PBXProject "Authentic" */;
			compatibilityVersion = "Xcode 14.0";
			developmentRegion = en;
			hasScannedForEncodings = 0;
			knownRegions = (
				en,
				Base,
			);
			mainGroup = 2155DC0B2B901CF6007D6E3A;
			packageReferences = (
				2155DC482B901FC8007D6E3A /* XCRemoteSwiftPackageReference "swift-algorithms" */,
				2155DC4B2B9021C7007D6E3A /* XCRemoteSwiftPackageReference "firebase-ios-sdk" */,
			);
			productRefGroup = 2155DC152B901CF6007D6E3A /* Products */;
			projectDirPath = "";
			projectRoot = "";
			targets = (
				2155DC132B901CF6007D6E3A /* Authentic */,
				2155DC282B901CF8007D6E3A /* AuthenticTests */,
				2155DC322B901CF8007D6E3A /* AuthenticUITests */,
			);
		};
/* End PBXProject section */

/* Begin PBXResourcesBuildPhase section */
		2155DC122B901CF6007D6E3A /* Resources */ = {
			isa = PBXResourcesBuildPhase;
			buildActionMask = 2147483647;
			files = (
				21DA5A2F2BB8857400047EA0 /* Lexend-SemiBold.ttf in Resources */,
				21DA5A322BB8857400047EA0 /* Lexend-Light.ttf in Resources */,
				21DA5A302BB8857400047EA0 /* Lexend-Thin.ttf in Resources */,
				21DA5A332BB8857400047EA0 /* Lexend-ExtraBold.ttf in Resources */,
				2155DC1F2B901CF8007D6E3A /* Preview Assets.xcassets in Resources */,
				1DFA10572C7F87010099D390 /* GoogleService-Info.plist in Resources */,
				21DA5A342BB8857400047EA0 /* Lexend-Bold.ttf in Resources */,
				2155DC1C2B901CF8007D6E3A /* Assets.xcassets in Resources */,
				21DA5A2E2BB8857400047EA0 /* Lexend-Black.ttf in Resources */,
				21DA5A362BB8857400047EA0 /* Lexend-Regular.ttf in Resources */,
				21DA5A312BB8857400047EA0 /* Lexend-Medium.ttf in Resources */,
				21DA5A352BB8857400047EA0 /* Lexend-ExtraLight.ttf in Resources */,
			);
			runOnlyForDeploymentPostprocessing = 0;
		};
		2155DC272B901CF8007D6E3A /* Resources */ = {
			isa = PBXResourcesBuildPhase;
			buildActionMask = 2147483647;
			files = (
			);
			runOnlyForDeploymentPostprocessing = 0;
		};
		2155DC312B901CF8007D6E3A /* Resources */ = {
			isa = PBXResourcesBuildPhase;
			buildActionMask = 2147483647;
			files = (
			);
			runOnlyForDeploymentPostprocessing = 0;
		};
/* End PBXResourcesBuildPhase section */

/* Begin PBXSourcesBuildPhase section */
		2155DC102B901CF6007D6E3A /* Sources */ = {
			isa = PBXSourcesBuildPhase;
			buildActionMask = 2147483647;
			files = (
				2155DC212B901CF8007D6E3A /* Persistence.swift in Sources */,
				214E071C2B9191E500208E20 /* LogInView.swift in Sources */,
				214E071A2B91909900208E20 /* LandingPageView.swift in Sources */,
				214E07182B91905700208E20 /* SignUpView.swift in Sources */,
				2155DC182B901CF6007D6E3A /* AuthenticApp.swift in Sources */,
				2155DC242B901CF8007D6E3A /* Authentic.xcdatamodeld in Sources */,
			);
			runOnlyForDeploymentPostprocessing = 0;
		};
		2155DC252B901CF8007D6E3A /* Sources */ = {
			isa = PBXSourcesBuildPhase;
			buildActionMask = 2147483647;
			files = (
				2155DC2E2B901CF8007D6E3A /* AuthenticTests.swift in Sources */,
			);
			runOnlyForDeploymentPostprocessing = 0;
		};
		2155DC2F2B901CF8007D6E3A /* Sources */ = {
			isa = PBXSourcesBuildPhase;
			buildActionMask = 2147483647;
			files = (
				2155DC3A2B901CF8007D6E3A /* AuthenticUITestsLaunchTests.swift in Sources */,
				2155DC382B901CF8007D6E3A /* AuthenticUITests.swift in Sources */,
			);
			runOnlyForDeploymentPostprocessing = 0;
		};
/* End PBXSourcesBuildPhase section */

/* Begin PBXTargetDependency section */
		2155DC2B2B901CF8007D6E3A /* PBXTargetDependency */ = {
			isa = PBXTargetDependency;
			target = 2155DC132B901CF6007D6E3A /* Authentic */;
			targetProxy = 2155DC2A2B901CF8007D6E3A /* PBXContainerItemProxy */;
		};
		2155DC352B901CF8007D6E3A /* PBXTargetDependency */ = {
			isa = PBXTargetDependency;
			target = 2155DC132B901CF6007D6E3A /* Authentic */;
			targetProxy = 2155DC342B901CF8007D6E3A /* PBXContainerItemProxy */;
		};
/* End PBXTargetDependency section */

/* Begin XCBuildConfiguration section */
		2155DC3B2B901CF8007D6E3A /* Debug */ = {
			isa = XCBuildConfiguration;
			buildSettings = {
				ALWAYS_SEARCH_USER_PATHS = NO;
				CLANG_ANALYZER_NONNULL = YES;
				CLANG_ANALYZER_NUMBER_OBJECT_CONVERSION = YES_AGGRESSIVE;
				CLANG_CXX_LANGUAGE_STANDARD = "gnu++20";
				CLANG_ENABLE_MODULES = YES;
				CLANG_ENABLE_OBJC_ARC = YES;
				CLANG_ENABLE_OBJC_WEAK = YES;
				CLANG_WARN_BLOCK_CAPTURE_AUTORELEASING = YES;
				CLANG_WARN_BOOL_CONVERSION = YES;
				CLANG_WARN_COMMA = YES;
				CLANG_WARN_CONSTANT_CONVERSION = YES;
				CLANG_WARN_DEPRECATED_OBJC_IMPLEMENTATIONS = YES;
				CLANG_WARN_DIRECT_OBJC_ISA_USAGE = YES_ERROR;
				CLANG_WARN_DOCUMENTATION_COMMENTS = YES;
				CLANG_WARN_EMPTY_BODY = YES;
				CLANG_WARN_ENUM_CONVERSION = YES;
				CLANG_WARN_INFINITE_RECURSION = YES;
				CLANG_WARN_INT_CONVERSION = YES;
				CLANG_WARN_NON_LITERAL_NULL_CONVERSION = YES;
				CLANG_WARN_OBJC_IMPLICIT_RETAIN_SELF = YES;
				CLANG_WARN_OBJC_LITERAL_CONVERSION = YES;
				CLANG_WARN_OBJC_ROOT_CLASS = YES_ERROR;
				CLANG_WARN_QUOTED_INCLUDE_IN_FRAMEWORK_HEADER = YES;
				CLANG_WARN_RANGE_LOOP_ANALYSIS = YES;
				CLANG_WARN_STRICT_PROTOTYPES = YES;
				CLANG_WARN_SUSPICIOUS_MOVE = YES;
				CLANG_WARN_UNGUARDED_AVAILABILITY = YES_AGGRESSIVE;
				CLANG_WARN_UNREACHABLE_CODE = YES;
				CLANG_WARN__DUPLICATE_METHOD_MATCH = YES;
				COPY_PHASE_STRIP = NO;
				DEBUG_INFORMATION_FORMAT = dwarf;
				ENABLE_STRICT_OBJC_MSGSEND = YES;
				ENABLE_TESTABILITY = YES;
				ENABLE_USER_SCRIPT_SANDBOXING = YES;
				GCC_C_LANGUAGE_STANDARD = gnu11;
				GCC_DYNAMIC_NO_PIC = NO;
				GCC_NO_COMMON_BLOCKS = YES;
				GCC_OPTIMIZATION_LEVEL = 0;
				GCC_PREPROCESSOR_DEFINITIONS = (
					"DEBUG=1",
					"$(inherited)",
				);
				GCC_WARN_64_TO_32_BIT_CONVERSION = YES;
				GCC_WARN_ABOUT_RETURN_TYPE = YES_ERROR;
				GCC_WARN_UNDECLARED_SELECTOR = YES;
				GCC_WARN_UNINITIALIZED_AUTOS = YES_AGGRESSIVE;
				GCC_WARN_UNUSED_FUNCTION = YES;
				GCC_WARN_UNUSED_VARIABLE = YES;
				IPHONEOS_DEPLOYMENT_TARGET = 16.4;
				MTL_ENABLE_DEBUG_INFO = INCLUDE_SOURCE;
				MTL_FAST_MATH = YES;
				ONLY_ACTIVE_ARCH = YES;
				SDKROOT = iphoneos;
				SWIFT_ACTIVE_COMPILATION_CONDITIONS = DEBUG;
				SWIFT_OPTIMIZATION_LEVEL = "-Onone";
			};
			name = Debug;
		};
		2155DC3C2B901CF8007D6E3A /* Release */ = {
			isa = XCBuildConfiguration;
			buildSettings = {
				ALWAYS_SEARCH_USER_PATHS = NO;
				CLANG_ANALYZER_NONNULL = YES;
				CLANG_ANALYZER_NUMBER_OBJECT_CONVERSION = YES_AGGRESSIVE;
				CLANG_CXX_LANGUAGE_STANDARD = "gnu++20";
				CLANG_ENABLE_MODULES = YES;
				CLANG_ENABLE_OBJC_ARC = YES;
				CLANG_ENABLE_OBJC_WEAK = YES;
				CLANG_WARN_BLOCK_CAPTURE_AUTORELEASING = YES;
				CLANG_WARN_BOOL_CONVERSION = YES;
				CLANG_WARN_COMMA = YES;
				CLANG_WARN_CONSTANT_CONVERSION = YES;
				CLANG_WARN_DEPRECATED_OBJC_IMPLEMENTATIONS = YES;
				CLANG_WARN_DIRECT_OBJC_ISA_USAGE = YES_ERROR;
				CLANG_WARN_DOCUMENTATION_COMMENTS = YES;
				CLANG_WARN_EMPTY_BODY = YES;
				CLANG_WARN_ENUM_CONVERSION = YES;
				CLANG_WARN_INFINITE_RECURSION = YES;
				CLANG_WARN_INT_CONVERSION = YES;
				CLANG_WARN_NON_LITERAL_NULL_CONVERSION = YES;
				CLANG_WARN_OBJC_IMPLICIT_RETAIN_SELF = YES;
				CLANG_WARN_OBJC_LITERAL_CONVERSION = YES;
				CLANG_WARN_OBJC_ROOT_CLASS = YES_ERROR;
				CLANG_WARN_QUOTED_INCLUDE_IN_FRAMEWORK_HEADER = YES;
				CLANG_WARN_RANGE_LOOP_ANALYSIS = YES;
				CLANG_WARN_STRICT_PROTOTYPES = YES;
				CLANG_WARN_SUSPICIOUS_MOVE = YES;
				CLANG_WARN_UNGUARDED_AVAILABILITY = YES_AGGRESSIVE;
				CLANG_WARN_UNREACHABLE_CODE = YES;
				CLANG_WARN__DUPLICATE_METHOD_MATCH = YES;
				COPY_PHASE_STRIP = NO;
				DEBUG_INFORMATION_FORMAT = "dwarf-with-dsym";
				ENABLE_NS_ASSERTIONS = NO;
				ENABLE_STRICT_OBJC_MSGSEND = YES;
				ENABLE_USER_SCRIPT_SANDBOXING = YES;
				GCC_C_LANGUAGE_STANDARD = gnu11;
				GCC_NO_COMMON_BLOCKS = YES;
				GCC_WARN_64_TO_32_BIT_CONVERSION = YES;
				GCC_WARN_ABOUT_RETURN_TYPE = YES_ERROR;
				GCC_WARN_UNDECLARED_SELECTOR = YES;
				GCC_WARN_UNINITIALIZED_AUTOS = YES_AGGRESSIVE;
				GCC_WARN_UNUSED_FUNCTION = YES;
				GCC_WARN_UNUSED_VARIABLE = YES;
				IPHONEOS_DEPLOYMENT_TARGET = 16.4;
				MTL_ENABLE_DEBUG_INFO = NO;
				MTL_FAST_MATH = YES;
				SDKROOT = iphoneos;
				SWIFT_COMPILATION_MODE = wholemodule;
				SWIFT_OPTIMIZATION_LEVEL = "-O";
				VALIDATE_PRODUCT = YES;
			};
			name = Release;
		};
		2155DC3E2B901CF8007D6E3A /* Debug */ = {
			isa = XCBuildConfiguration;
			buildSettings = {
				ASSETCATALOG_COMPILER_APPICON_NAME = AppIcon;
				ASSETCATALOG_COMPILER_GLOBAL_ACCENT_COLOR_NAME = AccentColor;
				CODE_SIGN_STYLE = Automatic;
				CURRENT_PROJECT_VERSION = 1;
				DEVELOPMENT_ASSET_PATHS = "\"Authentic/Preview Content\"";
				ENABLE_PREVIEWS = YES;
				GENERATE_INFOPLIST_FILE = YES;
				INFOPLIST_FILE = Authentic/Info.plist;
				INFOPLIST_KEY_UIApplicationSceneManifest_Generation = YES;
				INFOPLIST_KEY_UIApplicationSupportsIndirectInputEvents = YES;
				INFOPLIST_KEY_UILaunchScreen_Generation = YES;
				INFOPLIST_KEY_UISupportedInterfaceOrientations_iPad = "UIInterfaceOrientationPortrait UIInterfaceOrientationPortraitUpsideDown UIInterfaceOrientationLandscapeLeft UIInterfaceOrientationLandscapeRight";
				INFOPLIST_KEY_UISupportedInterfaceOrientations_iPhone = "UIInterfaceOrientationPortrait UIInterfaceOrientationLandscapeLeft UIInterfaceOrientationLandscapeRight";
				LD_RUNPATH_SEARCH_PATHS = (
					"$(inherited)",
					"@executable_path/Frameworks",
				);
				MARKETING_VERSION = 1.0;
				PRODUCT_BUNDLE_IDENTIFIER = com.AuthDev.Authentic;
				PRODUCT_NAME = "$(TARGET_NAME)";
				SWIFT_EMIT_LOC_STRINGS = YES;
				SWIFT_VERSION = 5.0;
				TARGETED_DEVICE_FAMILY = "1,2";
			};
			name = Debug;
		};
		2155DC3F2B901CF8007D6E3A /* Release */ = {
			isa = XCBuildConfiguration;
			buildSettings = {
				ASSETCATALOG_COMPILER_APPICON_NAME = AppIcon;
				ASSETCATALOG_COMPILER_GLOBAL_ACCENT_COLOR_NAME = AccentColor;
				CODE_SIGN_STYLE = Automatic;
				CURRENT_PROJECT_VERSION = 1;
				DEVELOPMENT_ASSET_PATHS = "\"Authentic/Preview Content\"";
				ENABLE_PREVIEWS = YES;
				GENERATE_INFOPLIST_FILE = YES;
				INFOPLIST_FILE = Authentic/Info.plist;
				INFOPLIST_KEY_UIApplicationSceneManifest_Generation = YES;
				INFOPLIST_KEY_UIApplicationSupportsIndirectInputEvents = YES;
				INFOPLIST_KEY_UILaunchScreen_Generation = YES;
				INFOPLIST_KEY_UISupportedInterfaceOrientations_iPad = "UIInterfaceOrientationPortrait UIInterfaceOrientationPortraitUpsideDown UIInterfaceOrientationLandscapeLeft UIInterfaceOrientationLandscapeRight";
				INFOPLIST_KEY_UISupportedInterfaceOrientations_iPhone = "UIInterfaceOrientationPortrait UIInterfaceOrientationLandscapeLeft UIInterfaceOrientationLandscapeRight";
				LD_RUNPATH_SEARCH_PATHS = (
					"$(inherited)",
					"@executable_path/Frameworks",
				);
				MARKETING_VERSION = 1.0;
				PRODUCT_BUNDLE_IDENTIFIER = com.AuthDev.Authentic;
				PRODUCT_NAME = "$(TARGET_NAME)";
				SWIFT_EMIT_LOC_STRINGS = YES;
				SWIFT_VERSION = 5.0;
				TARGETED_DEVICE_FAMILY = "1,2";
			};
			name = Release;
		};
		2155DC412B901CF8007D6E3A /* Debug */ = {
			isa = XCBuildConfiguration;
			buildSettings = {
				ALWAYS_EMBED_SWIFT_STANDARD_LIBRARIES = YES;
				BUNDLE_LOADER = "$(TEST_HOST)";
				CODE_SIGN_STYLE = Automatic;
				CURRENT_PROJECT_VERSION = 1;
				GENERATE_INFOPLIST_FILE = YES;
				IPHONEOS_DEPLOYMENT_TARGET = 16.4;
				MARKETING_VERSION = 1.0;
				PRODUCT_BUNDLE_IDENTIFIER = com.AuthDev.AuthenticTests;
				PRODUCT_NAME = "$(TARGET_NAME)";
				SWIFT_EMIT_LOC_STRINGS = NO;
				SWIFT_VERSION = 5.0;
				TARGETED_DEVICE_FAMILY = "1,2";
				TEST_HOST = "$(BUILT_PRODUCTS_DIR)/Authentic.app/$(BUNDLE_EXECUTABLE_FOLDER_PATH)/Authentic";
			};
			name = Debug;
		};
		2155DC422B901CF8007D6E3A /* Release */ = {
			isa = XCBuildConfiguration;
			buildSettings = {
				ALWAYS_EMBED_SWIFT_STANDARD_LIBRARIES = YES;
				BUNDLE_LOADER = "$(TEST_HOST)";
				CODE_SIGN_STYLE = Automatic;
				CURRENT_PROJECT_VERSION = 1;
				GENERATE_INFOPLIST_FILE = YES;
				IPHONEOS_DEPLOYMENT_TARGET = 16.4;
				MARKETING_VERSION = 1.0;
				PRODUCT_BUNDLE_IDENTIFIER = com.AuthDev.AuthenticTests;
				PRODUCT_NAME = "$(TARGET_NAME)";
				SWIFT_EMIT_LOC_STRINGS = NO;
				SWIFT_VERSION = 5.0;
				TARGETED_DEVICE_FAMILY = "1,2";
				TEST_HOST = "$(BUILT_PRODUCTS_DIR)/Authentic.app/$(BUNDLE_EXECUTABLE_FOLDER_PATH)/Authentic";
			};
			name = Release;
		};
		2155DC442B901CF8007D6E3A /* Debug */ = {
			isa = XCBuildConfiguration;
			buildSettings = {
				ALWAYS_EMBED_SWIFT_STANDARD_LIBRARIES = YES;
				CODE_SIGN_STYLE = Automatic;
				CURRENT_PROJECT_VERSION = 1;
				GENERATE_INFOPLIST_FILE = YES;
				MARKETING_VERSION = 1.0;
				PRODUCT_BUNDLE_IDENTIFIER = com.AuthDev.AuthenticUITests;
				PRODUCT_NAME = "$(TARGET_NAME)";
				SWIFT_EMIT_LOC_STRINGS = NO;
				SWIFT_VERSION = 5.0;
				TARGETED_DEVICE_FAMILY = "1,2";
				TEST_TARGET_NAME = Authentic;
			};
			name = Debug;
		};
		2155DC452B901CF8007D6E3A /* Release */ = {
			isa = XCBuildConfiguration;
			buildSettings = {
				ALWAYS_EMBED_SWIFT_STANDARD_LIBRARIES = YES;
				CODE_SIGN_STYLE = Automatic;
				CURRENT_PROJECT_VERSION = 1;
				GENERATE_INFOPLIST_FILE = YES;
				MARKETING_VERSION = 1.0;
				PRODUCT_BUNDLE_IDENTIFIER = com.AuthDev.AuthenticUITests;
				PRODUCT_NAME = "$(TARGET_NAME)";
				SWIFT_EMIT_LOC_STRINGS = NO;
				SWIFT_VERSION = 5.0;
				TARGETED_DEVICE_FAMILY = "1,2";
				TEST_TARGET_NAME = Authentic;
			};
			name = Release;
		};
/* End XCBuildConfiguration section */

/* Begin XCConfigurationList section */
		2155DC0F2B901CF6007D6E3A /* Build configuration list for PBXProject "Authentic" */ = {
			isa = XCConfigurationList;
			buildConfigurations = (
				2155DC3B2B901CF8007D6E3A /* Debug */,
				2155DC3C2B901CF8007D6E3A /* Release */,
			);
			defaultConfigurationIsVisible = 0;
			defaultConfigurationName = Release;
		};
		2155DC3D2B901CF8007D6E3A /* Build configuration list for PBXNativeTarget "Authentic" */ = {
			isa = XCConfigurationList;
			buildConfigurations = (
				2155DC3E2B901CF8007D6E3A /* Debug */,
				2155DC3F2B901CF8007D6E3A /* Release */,
			);
			defaultConfigurationIsVisible = 0;
			defaultConfigurationName = Release;
		};
		2155DC402B901CF8007D6E3A /* Build configuration list for PBXNativeTarget "AuthenticTests" */ = {
			isa = XCConfigurationList;
			buildConfigurations = (
				2155DC412B901CF8007D6E3A /* Debug */,
				2155DC422B901CF8007D6E3A /* Release */,
			);
			defaultConfigurationIsVisible = 0;
			defaultConfigurationName = Release;
		};
		2155DC432B901CF8007D6E3A /* Build configuration list for PBXNativeTarget "AuthenticUITests" */ = {
			isa = XCConfigurationList;
			buildConfigurations = (
				2155DC442B901CF8007D6E3A /* Debug */,
				2155DC452B901CF8007D6E3A /* Release */,
			);
			defaultConfigurationIsVisible = 0;
			defaultConfigurationName = Release;
		};
/* End XCConfigurationList section */

/* Begin XCRemoteSwiftPackageReference section */
		2155DC482B901FC8007D6E3A /* XCRemoteSwiftPackageReference "swift-algorithms" */ = {
			isa = XCRemoteSwiftPackageReference;
			repositoryURL = "https://github.com/apple/swift-algorithms.git";
			requirement = {
				kind = upToNextMajorVersion;
				minimumVersion = 1.0.0;
			};
		};
		2155DC4B2B9021C7007D6E3A /* XCRemoteSwiftPackageReference "firebase-ios-sdk" */ = {
			isa = XCRemoteSwiftPackageReference;
			repositoryURL = "https://github.com/firebase/firebase-ios-sdk";
			requirement = {
				kind = upToNextMajorVersion;
				minimumVersion = 10.0.0;
			};
		};
/* End XCRemoteSwiftPackageReference section */

/* Begin XCSwiftPackageProductDependency section */
		2155DC492B901FC8007D6E3A /* Algorithms */ = {
			isa = XCSwiftPackageProductDependency;
			package = 2155DC482B901FC8007D6E3A /* XCRemoteSwiftPackageReference "swift-algorithms" */;
			productName = Algorithms;
		};
		2155DC4C2B9021C7007D6E3A /* FirebaseAnalytics */ = {
			isa = XCSwiftPackageProductDependency;
			package = 2155DC4B2B9021C7007D6E3A /* XCRemoteSwiftPackageReference "firebase-ios-sdk" */;
			productName = FirebaseAnalytics;
		};
		2155DC4E2B9021C7007D6E3A /* FirebaseAnalyticsSwift */ = {
			isa = XCSwiftPackageProductDependency;
			package = 2155DC4B2B9021C7007D6E3A /* XCRemoteSwiftPackageReference "firebase-ios-sdk" */;
			productName = FirebaseAnalyticsSwift;
		};
		2155DC502B9021C7007D6E3A /* FirebaseAppCheck */ = {
			isa = XCSwiftPackageProductDependency;
			package = 2155DC4B2B9021C7007D6E3A /* XCRemoteSwiftPackageReference "firebase-ios-sdk" */;
			productName = FirebaseAppCheck;
		};
		2155DC522B9021C7007D6E3A /* FirebaseAppDistribution-Beta */ = {
			isa = XCSwiftPackageProductDependency;
			package = 2155DC4B2B9021C7007D6E3A /* XCRemoteSwiftPackageReference "firebase-ios-sdk" */;
			productName = "FirebaseAppDistribution-Beta";
		};
		2155DC542B9021C7007D6E3A /* FirebaseAuth */ = {
			isa = XCSwiftPackageProductDependency;
			package = 2155DC4B2B9021C7007D6E3A /* XCRemoteSwiftPackageReference "firebase-ios-sdk" */;
			productName = FirebaseAuth;
		};
		2155DC562B9021C7007D6E3A /* FirebaseCrashlytics */ = {
			isa = XCSwiftPackageProductDependency;
			package = 2155DC4B2B9021C7007D6E3A /* XCRemoteSwiftPackageReference "firebase-ios-sdk" */;
			productName = FirebaseCrashlytics;
		};
		2155DC582B9021C7007D6E3A /* FirebaseDatabase */ = {
			isa = XCSwiftPackageProductDependency;
			package = 2155DC4B2B9021C7007D6E3A /* XCRemoteSwiftPackageReference "firebase-ios-sdk" */;
			productName = FirebaseDatabase;
		};
		2155DC5A2B9021C7007D6E3A /* FirebaseDatabaseSwift */ = {
			isa = XCSwiftPackageProductDependency;
			package = 2155DC4B2B9021C7007D6E3A /* XCRemoteSwiftPackageReference "firebase-ios-sdk" */;
			productName = FirebaseDatabaseSwift;
		};
		2155DC5C2B9021C7007D6E3A /* FirebaseDynamicLinks */ = {
			isa = XCSwiftPackageProductDependency;
			package = 2155DC4B2B9021C7007D6E3A /* XCRemoteSwiftPackageReference "firebase-ios-sdk" */;
			productName = FirebaseDynamicLinks;
		};
		2155DC5E2B9021C7007D6E3A /* FirebaseFirestore */ = {
			isa = XCSwiftPackageProductDependency;
			package = 2155DC4B2B9021C7007D6E3A /* XCRemoteSwiftPackageReference "firebase-ios-sdk" */;
			productName = FirebaseFirestore;
		};
		2155DC602B9021C7007D6E3A /* FirebaseFirestoreSwift */ = {
			isa = XCSwiftPackageProductDependency;
			package = 2155DC4B2B9021C7007D6E3A /* XCRemoteSwiftPackageReference "firebase-ios-sdk" */;
			productName = FirebaseFirestoreSwift;
		};
		2155DC622B9021C7007D6E3A /* FirebaseFunctions */ = {
			isa = XCSwiftPackageProductDependency;
			package = 2155DC4B2B9021C7007D6E3A /* XCRemoteSwiftPackageReference "firebase-ios-sdk" */;
			productName = FirebaseFunctions;
		};
		2155DC642B9021C7007D6E3A /* FirebaseFunctionsCombine-Community */ = {
			isa = XCSwiftPackageProductDependency;
			package = 2155DC4B2B9021C7007D6E3A /* XCRemoteSwiftPackageReference "firebase-ios-sdk" */;
			productName = "FirebaseFunctionsCombine-Community";
		};
		2155DC662B9021C7007D6E3A /* FirebaseInAppMessaging-Beta */ = {
			isa = XCSwiftPackageProductDependency;
			package = 2155DC4B2B9021C7007D6E3A /* XCRemoteSwiftPackageReference "firebase-ios-sdk" */;
			productName = "FirebaseInAppMessaging-Beta";
		};
		2155DC682B9021C7007D6E3A /* FirebaseInAppMessagingSwift-Beta */ = {
			isa = XCSwiftPackageProductDependency;
			package = 2155DC4B2B9021C7007D6E3A /* XCRemoteSwiftPackageReference "firebase-ios-sdk" */;
			productName = "FirebaseInAppMessagingSwift-Beta";
		};
		2155DC6A2B9021C7007D6E3A /* FirebaseInstallations */ = {
			isa = XCSwiftPackageProductDependency;
			package = 2155DC4B2B9021C7007D6E3A /* XCRemoteSwiftPackageReference "firebase-ios-sdk" */;
			productName = FirebaseInstallations;
		};
		2155DC6C2B9021C7007D6E3A /* FirebaseMessaging */ = {
			isa = XCSwiftPackageProductDependency;
			package = 2155DC4B2B9021C7007D6E3A /* XCRemoteSwiftPackageReference "firebase-ios-sdk" */;
			productName = FirebaseMessaging;
		};
		2155DC6E2B9021C7007D6E3A /* FirebasePerformance */ = {
			isa = XCSwiftPackageProductDependency;
			package = 2155DC4B2B9021C7007D6E3A /* XCRemoteSwiftPackageReference "firebase-ios-sdk" */;
			productName = FirebasePerformance;
		};
		2155DC702B9021C7007D6E3A /* FirebaseRemoteConfig */ = {
			isa = XCSwiftPackageProductDependency;
			package = 2155DC4B2B9021C7007D6E3A /* XCRemoteSwiftPackageReference "firebase-ios-sdk" */;
			productName = FirebaseRemoteConfig;
		};
		2155DC722B9021C7007D6E3A /* FirebaseRemoteConfigSwift */ = {
			isa = XCSwiftPackageProductDependency;
			package = 2155DC4B2B9021C7007D6E3A /* XCRemoteSwiftPackageReference "firebase-ios-sdk" */;
			productName = FirebaseRemoteConfigSwift;
		};
		2155DC742B9021C7007D6E3A /* FirebaseStorage */ = {
			isa = XCSwiftPackageProductDependency;
			package = 2155DC4B2B9021C7007D6E3A /* XCRemoteSwiftPackageReference "firebase-ios-sdk" */;
			productName = FirebaseStorage;
		};
		2155DC762B9021C7007D6E3A /* FirebaseStorageCombine-Community */ = {
			isa = XCSwiftPackageProductDependency;
			package = 2155DC4B2B9021C7007D6E3A /* XCRemoteSwiftPackageReference "firebase-ios-sdk" */;
			productName = "FirebaseStorageCombine-Community";
		};
/* End XCSwiftPackageProductDependency section */

/* Begin XCVersionGroup section */
		2155DC222B901CF8007D6E3A /* Authentic.xcdatamodeld */ = {
			isa = XCVersionGroup;
			children = (
				2155DC232B901CF8007D6E3A /* Authentic.xcdatamodel */,
			);
			currentVersion = 2155DC232B901CF8007D6E3A /* Authentic.xcdatamodel */;
			path = Authentic.xcdatamodeld;
			sourceTree = "<group>";
			versionGroupType = wrapper.xcdatamodel;
		};
/* End XCVersionGroup section */
	};
	rootObject = 2155DC0C2B901CF6007D6E3A /* Project object */;
}
