// !$*UTF8*$!
{
	archiveVersion = 1;
	classes = {
	};
	objectVersion = 56;
	objects = {

/* Begin PBXBuildFile section */
		1D47578A2CCEA3F400EB6B2A /* FirebaseFirestore in Frameworks */ = {isa = PBXBuildFile; productRef = 1D4757892CCEA3F400EB6B2A /* FirebaseFirestore */; };
		1D47578C2CCEF2BC00EB6B2A /* FirebaseFirestoreSwift in Frameworks */ = {isa = PBXBuildFile; productRef = 1D47578B2CCEF2BC00EB6B2A /* FirebaseFirestoreSwift */; };
		1D47578E2CCEF2BC00EB6B2A /* FirebaseStorage in Frameworks */ = {isa = PBXBuildFile; productRef = 1D47578D2CCEF2BC00EB6B2A /* FirebaseStorage */; };
		1D4757922CCEF73B00EB6B2A /* GoogleService-Info.plist in Resources */ = {isa = PBXBuildFile; fileRef = 1D4757912CCEF73B00EB6B2A /* GoogleService-Info.plist */; };
		1D95CD1A2CCDB5880034A38D /* ProfileInformationView.swift in Sources */ = {isa = PBXBuildFile; fileRef = 1D95CD192CCDB5880034A38D /* ProfileInformationView.swift */; };
		214E07182B91905700208E20 /* SignUpView.swift in Sources */ = {isa = PBXBuildFile; fileRef = 214E07172B91905700208E20 /* SignUpView.swift */; };
		214E071A2B91909900208E20 /* LandingPageView.swift in Sources */ = {isa = PBXBuildFile; fileRef = 214E07192B91909900208E20 /* LandingPageView.swift */; };
		214E071C2B9191E500208E20 /* LogInView.swift in Sources */ = {isa = PBXBuildFile; fileRef = 214E071B2B9191E500208E20 /* LogInView.swift */; };
		2155DC182B901CF6007D6E3A /* AuthenticApp.swift in Sources */ = {isa = PBXBuildFile; fileRef = 2155DC172B901CF6007D6E3A /* AuthenticApp.swift */; };
		2155DC1C2B901CF8007D6E3A /* Assets.xcassets in Resources */ = {isa = PBXBuildFile; fileRef = 2155DC1B2B901CF8007D6E3A /* Assets.xcassets */; };
		2155DC1F2B901CF8007D6E3A /* Preview Assets.xcassets in Resources */ = {isa = PBXBuildFile; fileRef = 2155DC1E2B901CF8007D6E3A /* Preview Assets.xcassets */; };
		2155DC212B901CF8007D6E3A /* Persistence.swift in Sources */ = {isa = PBXBuildFile; fileRef = 2155DC202B901CF8007D6E3A /* Persistence.swift */; };
		2155DC242B901CF8007D6E3A /* Authentic.xcdatamodeld in Sources */ = {isa = PBXBuildFile; fileRef = 2155DC222B901CF8007D6E3A /* Authentic.xcdatamodeld */; };
		2155DC2E2B901CF8007D6E3A /* AuthenticTests.swift in Sources */ = {isa = PBXBuildFile; fileRef = 2155DC2D2B901CF8007D6E3A /* AuthenticTests.swift */; };
		2155DC382B901CF8007D6E3A /* AuthenticUITests.swift in Sources */ = {isa = PBXBuildFile; fileRef = 2155DC372B901CF8007D6E3A /* AuthenticUITests.swift */; };
		2155DC3A2B901CF8007D6E3A /* AuthenticUITestsLaunchTests.swift in Sources */ = {isa = PBXBuildFile; fileRef = 2155DC392B901CF8007D6E3A /* AuthenticUITestsLaunchTests.swift */; };
		2155DC552B9021C7007D6E3A /* FirebaseAuth in Frameworks */ = {isa = PBXBuildFile; productRef = 2155DC542B9021C7007D6E3A /* FirebaseAuth */; };
		2155DC5B2B9021C7007D6E3A /* FirebaseDatabaseSwift in Frameworks */ = {isa = PBXBuildFile; productRef = 2155DC5A2B9021C7007D6E3A /* FirebaseDatabaseSwift */; };
		21DA5A2E2BB8857400047EA0 /* Lexend-Black.ttf in Resources */ = {isa = PBXBuildFile; fileRef = 21DA5A252BB8857300047EA0 /* Lexend-Black.ttf */; };
		21DA5A2F2BB8857400047EA0 /* Lexend-SemiBold.ttf in Resources */ = {isa = PBXBuildFile; fileRef = 21DA5A262BB8857300047EA0 /* Lexend-SemiBold.ttf */; };
		21DA5A302BB8857400047EA0 /* Lexend-Thin.ttf in Resources */ = {isa = PBXBuildFile; fileRef = 21DA5A272BB8857300047EA0 /* Lexend-Thin.ttf */; };
		21DA5A312BB8857400047EA0 /* Lexend-Medium.ttf in Resources */ = {isa = PBXBuildFile; fileRef = 21DA5A282BB8857300047EA0 /* Lexend-Medium.ttf */; };
		21DA5A322BB8857400047EA0 /* Lexend-Light.ttf in Resources */ = {isa = PBXBuildFile; fileRef = 21DA5A292BB8857300047EA0 /* Lexend-Light.ttf */; };
		21DA5A332BB8857400047EA0 /* Lexend-ExtraBold.ttf in Resources */ = {isa = PBXBuildFile; fileRef = 21DA5A2A2BB8857300047EA0 /* Lexend-ExtraBold.ttf */; };
		21DA5A342BB8857400047EA0 /* Lexend-Bold.ttf in Resources */ = {isa = PBXBuildFile; fileRef = 21DA5A2B2BB8857300047EA0 /* Lexend-Bold.ttf */; };
		21DA5A352BB8857400047EA0 /* Lexend-ExtraLight.ttf in Resources */ = {isa = PBXBuildFile; fileRef = 21DA5A2C2BB8857300047EA0 /* Lexend-ExtraLight.ttf */; };
		21DA5A362BB8857400047EA0 /* Lexend-Regular.ttf in Resources */ = {isa = PBXBuildFile; fileRef = 21DA5A2D2BB8857300047EA0 /* Lexend-Regular.ttf */; };
		B2168A7B2CAA4A1A00119782 /* SignInFacebookHelper.swift in Sources */ = {isa = PBXBuildFile; fileRef = B2168A7A2CAA4A0300119782 /* SignInFacebookHelper.swift */; };
		B22366692CA3292B006F1B31 /* AuthenticationManager.swift in Sources */ = {isa = PBXBuildFile; fileRef = B22366682CA32923006F1B31 /* AuthenticationManager.swift */; };
		B223666C2CA32951006F1B31 /* GoogleSignIn in Frameworks */ = {isa = PBXBuildFile; productRef = B223666B2CA32951006F1B31 /* GoogleSignIn */; };
		B223666E2CA32951006F1B31 /* GoogleSignInSwift in Frameworks */ = {isa = PBXBuildFile; productRef = B223666D2CA32951006F1B31 /* GoogleSignInSwift */; };
		B22366712CA32D09006F1B31 /* Utilities.swift in Sources */ = {isa = PBXBuildFile; fileRef = B22366702CA32CFB006F1B31 /* Utilities.swift */; };
		B22366732CA342CA006F1B31 /* SignInGoogleHelper.swift in Sources */ = {isa = PBXBuildFile; fileRef = B22366722CA342C3006F1B31 /* SignInGoogleHelper.swift */; };
		B22366752CA34623006F1B31 /* SuccessView.swift in Sources */ = {isa = PBXBuildFile; fileRef = B22366742CA3461C006F1B31 /* SuccessView.swift */; };
		B2A22B112CA3979E001DDF8B /* FacebookCore in Frameworks */ = {isa = PBXBuildFile; productRef = B2A22B102CA3979E001DDF8B /* FacebookCore */; };
		B2A22B132CA3979E001DDF8B /* FacebookLogin in Frameworks */ = {isa = PBXBuildFile; productRef = B2A22B122CA3979E001DDF8B /* FacebookLogin */; };
/* End PBXBuildFile section */

/* Begin PBXContainerItemProxy section */
		2155DC2A2B901CF8007D6E3A /* PBXContainerItemProxy */ = {
			isa = PBXContainerItemProxy;
			containerPortal = 2155DC0C2B901CF6007D6E3A /* Project object */;
			proxyType = 1;
			remoteGlobalIDString = 2155DC132B901CF6007D6E3A;
			remoteInfo = Authentic;
		};
		2155DC342B901CF8007D6E3A /* PBXContainerItemProxy */ = {
			isa = PBXContainerItemProxy;
			containerPortal = 2155DC0C2B901CF6007D6E3A /* Project object */;
			proxyType = 1;
			remoteGlobalIDString = 2155DC132B901CF6007D6E3A;
			remoteInfo = Authentic;
		};
/* End PBXContainerItemProxy section */

/* Begin PBXFileReference section */
		1D4757912CCEF73B00EB6B2A /* GoogleService-Info.plist */ = {isa = PBXFileReference; fileEncoding = 4; lastKnownFileType = text.plist.xml; path = "GoogleService-Info.plist"; sourceTree = "<group>"; };
		1D95CD192CCDB5880034A38D /* ProfileInformationView.swift */ = {isa = PBXFileReference; lastKnownFileType = sourcecode.swift; path = ProfileInformationView.swift; sourceTree = "<group>"; };
		214E07172B91905700208E20 /* SignUpView.swift */ = {isa = PBXFileReference; lastKnownFileType = sourcecode.swift; path = SignUpView.swift; sourceTree = "<group>"; };
		214E07192B91909900208E20 /* LandingPageView.swift */ = {isa = PBXFileReference; lastKnownFileType = sourcecode.swift; path = LandingPageView.swift; sourceTree = "<group>"; };
		214E071B2B9191E500208E20 /* LogInView.swift */ = {isa = PBXFileReference; lastKnownFileType = sourcecode.swift; path = LogInView.swift; sourceTree = "<group>"; };
		2155DC142B901CF6007D6E3A /* Authentic.app */ = {isa = PBXFileReference; explicitFileType = wrapper.application; includeInIndex = 0; path = Authentic.app; sourceTree = BUILT_PRODUCTS_DIR; };
		2155DC172B901CF6007D6E3A /* AuthenticApp.swift */ = {isa = PBXFileReference; lastKnownFileType = sourcecode.swift; path = AuthenticApp.swift; sourceTree = "<group>"; };
		2155DC1B2B901CF8007D6E3A /* Assets.xcassets */ = {isa = PBXFileReference; lastKnownFileType = folder.assetcatalog; path = Assets.xcassets; sourceTree = "<group>"; };
		2155DC1E2B901CF8007D6E3A /* Preview Assets.xcassets */ = {isa = PBXFileReference; lastKnownFileType = folder.assetcatalog; path = "Preview Assets.xcassets"; sourceTree = "<group>"; };
		2155DC202B901CF8007D6E3A /* Persistence.swift */ = {isa = PBXFileReference; lastKnownFileType = sourcecode.swift; path = Persistence.swift; sourceTree = "<group>"; };
		2155DC232B901CF8007D6E3A /* Authentic.xcdatamodel */ = {isa = PBXFileReference; lastKnownFileType = wrapper.xcdatamodel; path = Authentic.xcdatamodel; sourceTree = "<group>"; };
		2155DC292B901CF8007D6E3A /* AuthenticTests.xctest */ = {isa = PBXFileReference; explicitFileType = wrapper.cfbundle; includeInIndex = 0; path = AuthenticTests.xctest; sourceTree = BUILT_PRODUCTS_DIR; };
		2155DC2D2B901CF8007D6E3A /* AuthenticTests.swift */ = {isa = PBXFileReference; lastKnownFileType = sourcecode.swift; path = AuthenticTests.swift; sourceTree = "<group>"; };
		2155DC332B901CF8007D6E3A /* AuthenticUITests.xctest */ = {isa = PBXFileReference; explicitFileType = wrapper.cfbundle; includeInIndex = 0; path = AuthenticUITests.xctest; sourceTree = BUILT_PRODUCTS_DIR; };
		2155DC372B901CF8007D6E3A /* AuthenticUITests.swift */ = {isa = PBXFileReference; lastKnownFileType = sourcecode.swift; path = AuthenticUITests.swift; sourceTree = "<group>"; };
		2155DC392B901CF8007D6E3A /* AuthenticUITestsLaunchTests.swift */ = {isa = PBXFileReference; lastKnownFileType = sourcecode.swift; path = AuthenticUITestsLaunchTests.swift; sourceTree = "<group>"; };
		21DA5A252BB8857300047EA0 /* Lexend-Black.ttf */ = {isa = PBXFileReference; lastKnownFileType = file; path = "Lexend-Black.ttf"; sourceTree = "<group>"; };
		21DA5A262BB8857300047EA0 /* Lexend-SemiBold.ttf */ = {isa = PBXFileReference; lastKnownFileType = file; path = "Lexend-SemiBold.ttf"; sourceTree = "<group>"; };
		21DA5A272BB8857300047EA0 /* Lexend-Thin.ttf */ = {isa = PBXFileReference; lastKnownFileType = file; path = "Lexend-Thin.ttf"; sourceTree = "<group>"; };
		21DA5A282BB8857300047EA0 /* Lexend-Medium.ttf */ = {isa = PBXFileReference; lastKnownFileType = file; path = "Lexend-Medium.ttf"; sourceTree = "<group>"; };
		21DA5A292BB8857300047EA0 /* Lexend-Light.ttf */ = {isa = PBXFileReference; lastKnownFileType = file; path = "Lexend-Light.ttf"; sourceTree = "<group>"; };
		21DA5A2A2BB8857300047EA0 /* Lexend-ExtraBold.ttf */ = {isa = PBXFileReference; lastKnownFileType = file; path = "Lexend-ExtraBold.ttf"; sourceTree = "<group>"; };
		21DA5A2B2BB8857300047EA0 /* Lexend-Bold.ttf */ = {isa = PBXFileReference; lastKnownFileType = file; path = "Lexend-Bold.ttf"; sourceTree = "<group>"; };
		21DA5A2C2BB8857300047EA0 /* Lexend-ExtraLight.ttf */ = {isa = PBXFileReference; lastKnownFileType = file; path = "Lexend-ExtraLight.ttf"; sourceTree = "<group>"; };
		21DA5A2D2BB8857300047EA0 /* Lexend-Regular.ttf */ = {isa = PBXFileReference; lastKnownFileType = file; path = "Lexend-Regular.ttf"; sourceTree = "<group>"; };
		21DA5A382BB8875B00047EA0 /* Info.plist */ = {isa = PBXFileReference; lastKnownFileType = text.plist; path = Info.plist; sourceTree = "<group>"; };
		B2168A7A2CAA4A0300119782 /* SignInFacebookHelper.swift */ = {isa = PBXFileReference; lastKnownFileType = sourcecode.swift; path = SignInFacebookHelper.swift; sourceTree = "<group>"; };
		B22366682CA32923006F1B31 /* AuthenticationManager.swift */ = {isa = PBXFileReference; lastKnownFileType = sourcecode.swift; path = AuthenticationManager.swift; sourceTree = "<group>"; };
		B22366702CA32CFB006F1B31 /* Utilities.swift */ = {isa = PBXFileReference; lastKnownFileType = sourcecode.swift; path = Utilities.swift; sourceTree = "<group>"; };
		B22366722CA342C3006F1B31 /* SignInGoogleHelper.swift */ = {isa = PBXFileReference; lastKnownFileType = sourcecode.swift; path = SignInGoogleHelper.swift; sourceTree = "<group>"; };
		B22366742CA3461C006F1B31 /* SuccessView.swift */ = {isa = PBXFileReference; lastKnownFileType = sourcecode.swift; path = SuccessView.swift; sourceTree = "<group>"; };
		B2A22B142CA399DE001DDF8B /* Authentic.entitlements */ = {isa = PBXFileReference; lastKnownFileType = text.plist.entitlements; path = Authentic.entitlements; sourceTree = "<group>"; };
/* End PBXFileReference section */

/* Begin PBXFrameworksBuildPhase section */
		2155DC112B901CF6007D6E3A /* Frameworks */ = {
			isa = PBXFrameworksBuildPhase;
			buildActionMask = 2147483647;
			files = (
				2155DC552B9021C7007D6E3A /* FirebaseAuth in Frameworks */,
				B2A22B132CA3979E001DDF8B /* FacebookLogin in Frameworks */,
				1D47578E2CCEF2BC00EB6B2A /* FirebaseStorage in Frameworks */,
				2155DC5B2B9021C7007D6E3A /* FirebaseDatabaseSwift in Frameworks */,
				B2A22B112CA3979E001DDF8B /* FacebookCore in Frameworks */,
				B223666C2CA32951006F1B31 /* GoogleSignIn in Frameworks */,
				B223666E2CA32951006F1B31 /* GoogleSignInSwift in Frameworks */,
				1D47578A2CCEA3F400EB6B2A /* FirebaseFirestore in Frameworks */,
				1D47578C2CCEF2BC00EB6B2A /* FirebaseFirestoreSwift in Frameworks */,
			);
			runOnlyForDeploymentPostprocessing = 0;
		};
		2155DC262B901CF8007D6E3A /* Frameworks */ = {
			isa = PBXFrameworksBuildPhase;
			buildActionMask = 2147483647;
			files = (
			);
			runOnlyForDeploymentPostprocessing = 0;
		};
		2155DC302B901CF8007D6E3A /* Frameworks */ = {
			isa = PBXFrameworksBuildPhase;
			buildActionMask = 2147483647;
			files = (
			);
			runOnlyForDeploymentPostprocessing = 0;
		};
/* End PBXFrameworksBuildPhase section */

/* Begin PBXGroup section */
		1D4757882CCEA3F400EB6B2A /* Frameworks */ = {
			isa = PBXGroup;
			children = (
			);
			name = Frameworks;
			sourceTree = "<group>";
		};
		1D4757942CD0424800EB6B2A /* Views */ = {
			isa = PBXGroup;
			children = (
				B22366742CA3461C006F1B31 /* SuccessView.swift */,
				B2168A7A2CAA4A0300119782 /* SignInFacebookHelper.swift */,
				1D95CD192CCDB5880034A38D /* ProfileInformationView.swift */,
				214E07192B91909900208E20 /* LandingPageView.swift */,
				214E07172B91905700208E20 /* SignUpView.swift */,
				214E071B2B9191E500208E20 /* LogInView.swift */,
			);
			path = Views;
			sourceTree = "<group>";
		};
		1D4757952CD0437E00EB6B2A /* Resources */ = {
			isa = PBXGroup;
			children = (
				21DA5A372BB8859D00047EA0 /* Fonts */,
				2155DC1B2B901CF8007D6E3A /* Assets.xcassets */,
			);
			path = Resources;
			sourceTree = "<group>";
		};
		2155DC0B2B901CF6007D6E3A = {
			isa = PBXGroup;
			children = (
				2155DC162B901CF6007D6E3A /* Authentic */,
				1D4757912CCEF73B00EB6B2A /* GoogleService-Info.plist */,
				B2A22B142CA399DE001DDF8B /* Authentic.entitlements */,
				2155DC2C2B901CF8007D6E3A /* AuthenticTests */,
				2155DC362B901CF8007D6E3A /* AuthenticUITests */,
				2155DC152B901CF6007D6E3A /* Products */,
				1D4757882CCEA3F400EB6B2A /* Frameworks */,
			);
			sourceTree = "<group>";
		};
		2155DC152B901CF6007D6E3A /* Products */ = {
			isa = PBXGroup;
			children = (
				2155DC142B901CF6007D6E3A /* Authentic.app */,
				2155DC292B901CF8007D6E3A /* AuthenticTests.xctest */,
				2155DC332B901CF8007D6E3A /* AuthenticUITests.xctest */,
			);
			name = Products;
			sourceTree = "<group>";
		};
		2155DC162B901CF6007D6E3A /* Authentic */ = {
			isa = PBXGroup;
			children = (
				2155DC172B901CF6007D6E3A /* AuthenticApp.swift */,
				2155DC222B901CF8007D6E3A /* Authentic.xcdatamodeld */,
				1D4757942CD0424800EB6B2A /* Views */,
				B223666F2CA32CEA006F1B31 /* Utilities */,
				21DA5A382BB8875B00047EA0 /* Info.plist */,
				1D4757952CD0437E00EB6B2A /* Resources */,
				2155DC202B901CF8007D6E3A /* Persistence.swift */,
				2155DC1D2B901CF8007D6E3A /* Preview Content */,
			);
			path = Authentic;
			sourceTree = "<group>";
		};
		2155DC1D2B901CF8007D6E3A /* Preview Content */ = {
			isa = PBXGroup;
			children = (
				2155DC1E2B901CF8007D6E3A /* Preview Assets.xcassets */,
			);
			path = "Preview Content";
			sourceTree = "<group>";
		};
		2155DC2C2B901CF8007D6E3A /* AuthenticTests */ = {
			isa = PBXGroup;
			children = (
				2155DC2D2B901CF8007D6E3A /* AuthenticTests.swift */,
			);
			path = AuthenticTests;
			sourceTree = "<group>";
		};
		2155DC362B901CF8007D6E3A /* AuthenticUITests */ = {
			isa = PBXGroup;
			children = (
				2155DC372B901CF8007D6E3A /* AuthenticUITests.swift */,
				2155DC392B901CF8007D6E3A /* AuthenticUITestsLaunchTests.swift */,
			);
			path = AuthenticUITests;
			sourceTree = "<group>";
		};
		21DA5A372BB8859D00047EA0 /* Fonts */ = {
			isa = PBXGroup;
			children = (
				21DA5A2A2BB8857300047EA0 /* Lexend-ExtraBold.ttf */,
				21DA5A252BB8857300047EA0 /* Lexend-Black.ttf */,
				21DA5A2B2BB8857300047EA0 /* Lexend-Bold.ttf */,
				21DA5A2C2BB8857300047EA0 /* Lexend-ExtraLight.ttf */,
				21DA5A292BB8857300047EA0 /* Lexend-Light.ttf */,
				21DA5A282BB8857300047EA0 /* Lexend-Medium.ttf */,
				21DA5A2D2BB8857300047EA0 /* Lexend-Regular.ttf */,
				21DA5A262BB8857300047EA0 /* Lexend-SemiBold.ttf */,
				21DA5A272BB8857300047EA0 /* Lexend-Thin.ttf */,
			);
			path = Fonts;
			sourceTree = "<group>";
		};
		B223666F2CA32CEA006F1B31 /* Utilities */ = {
			isa = PBXGroup;
			children = (
				B22366682CA32923006F1B31 /* AuthenticationManager.swift */,
				B22366722CA342C3006F1B31 /* SignInGoogleHelper.swift */,
				B22366702CA32CFB006F1B31 /* Utilities.swift */,
			);
			path = Utilities;
			sourceTree = "<group>";
		};
/* End PBXGroup section */

/* Begin PBXNativeTarget section */
		2155DC132B901CF6007D6E3A /* Authentic */ = {
			isa = PBXNativeTarget;
			buildConfigurationList = 2155DC3D2B901CF8007D6E3A /* Build configuration list for PBXNativeTarget "Authentic" */;
			buildPhases = (
				2155DC102B901CF6007D6E3A /* Sources */,
				2155DC112B901CF6007D6E3A /* Frameworks */,
				2155DC122B901CF6007D6E3A /* Resources */,
			);
			buildRules = (
			);
			dependencies = (
			);
			name = Authentic;
			packageProductDependencies = (
				2155DC542B9021C7007D6E3A /* FirebaseAuth */,
				2155DC5A2B9021C7007D6E3A /* FirebaseDatabaseSwift */,
				B223666B2CA32951006F1B31 /* GoogleSignIn */,
				B223666D2CA32951006F1B31 /* GoogleSignInSwift */,
				B2A22B102CA3979E001DDF8B /* FacebookCore */,
				B2A22B122CA3979E001DDF8B /* FacebookLogin */,
				1D4757892CCEA3F400EB6B2A /* FirebaseFirestore */,
				1D47578B2CCEF2BC00EB6B2A /* FirebaseFirestoreSwift */,
				1D47578D2CCEF2BC00EB6B2A /* FirebaseStorage */,
			);
			productName = Authentic;
			productReference = 2155DC142B901CF6007D6E3A /* Authentic.app */;
			productType = "com.apple.product-type.application";
		};
		2155DC282B901CF8007D6E3A /* AuthenticTests */ = {
			isa = PBXNativeTarget;
			buildConfigurationList = 2155DC402B901CF8007D6E3A /* Build configuration list for PBXNativeTarget "AuthenticTests" */;
			buildPhases = (
				2155DC252B901CF8007D6E3A /* Sources */,
				2155DC262B901CF8007D6E3A /* Frameworks */,
				2155DC272B901CF8007D6E3A /* Resources */,
			);
			buildRules = (
			);
			dependencies = (
				2155DC2B2B901CF8007D6E3A /* PBXTargetDependency */,
			);
			name = AuthenticTests;
			productName = AuthenticTests;
			productReference = 2155DC292B901CF8007D6E3A /* AuthenticTests.xctest */;
			productType = "com.apple.product-type.bundle.unit-test";
		};
		2155DC322B901CF8007D6E3A /* AuthenticUITests */ = {
			isa = PBXNativeTarget;
			buildConfigurationList = 2155DC432B901CF8007D6E3A /* Build configuration list for PBXNativeTarget "AuthenticUITests" */;
			buildPhases = (
				2155DC2F2B901CF8007D6E3A /* Sources */,
				2155DC302B901CF8007D6E3A /* Frameworks */,
				2155DC312B901CF8007D6E3A /* Resources */,
			);
			buildRules = (
			);
			dependencies = (
				2155DC352B901CF8007D6E3A /* PBXTargetDependency */,
			);
			name = AuthenticUITests;
			productName = AuthenticUITests;
			productReference = 2155DC332B901CF8007D6E3A /* AuthenticUITests.xctest */;
			productType = "com.apple.product-type.bundle.ui-testing";
		};
/* End PBXNativeTarget section */

/* Begin PBXProject section */
		2155DC0C2B901CF6007D6E3A /* Project object */ = {
			isa = PBXProject;
			attributes = {
				BuildIndependentTargetsInParallel = 1;
				LastSwiftUpdateCheck = 1430;
				LastUpgradeCheck = 1540;
				TargetAttributes = {
					2155DC132B901CF6007D6E3A = {
						CreatedOnToolsVersion = 14.3.1;
					};
					2155DC282B901CF8007D6E3A = {
						CreatedOnToolsVersion = 14.3.1;
						TestTargetID = 2155DC132B901CF6007D6E3A;
					};
					2155DC322B901CF8007D6E3A = {
						CreatedOnToolsVersion = 14.3.1;
						TestTargetID = 2155DC132B901CF6007D6E3A;
					};
				};
			};
			buildConfigurationList = 2155DC0F2B901CF6007D6E3A /* Build configuration list for PBXProject "Authentic" */;
			compatibilityVersion = "Xcode 14.0";
			developmentRegion = en;
			hasScannedForEncodings = 0;
			knownRegions = (
				en,
				Base,
			);
			mainGroup = 2155DC0B2B901CF6007D6E3A;
			packageReferences = (
				2155DC482B901FC8007D6E3A /* XCRemoteSwiftPackageReference "swift-algorithms" */,
				2155DC4B2B9021C7007D6E3A /* XCRemoteSwiftPackageReference "firebase-ios-sdk" */,
				B223666A2CA32951006F1B31 /* XCRemoteSwiftPackageReference "GoogleSignIn-iOS" */,
				B2A22B0F2CA3979E001DDF8B /* XCRemoteSwiftPackageReference "facebook-ios-sdk" */,
			);
			productRefGroup = 2155DC152B901CF6007D6E3A /* Products */;
			projectDirPath = "";
			projectRoot = "";
			targets = (
				2155DC132B901CF6007D6E3A /* Authentic */,
				2155DC282B901CF8007D6E3A /* AuthenticTests */,
				2155DC322B901CF8007D6E3A /* AuthenticUITests */,
			);
		};
/* End PBXProject section */

/* Begin PBXResourcesBuildPhase section */
		2155DC122B901CF6007D6E3A /* Resources */ = {
			isa = PBXResourcesBuildPhase;
			buildActionMask = 2147483647;
			files = (
				21DA5A2F2BB8857400047EA0 /* Lexend-SemiBold.ttf in Resources */,
				21DA5A322BB8857400047EA0 /* Lexend-Light.ttf in Resources */,
				21DA5A302BB8857400047EA0 /* Lexend-Thin.ttf in Resources */,
				21DA5A332BB8857400047EA0 /* Lexend-ExtraBold.ttf in Resources */,
				2155DC1F2B901CF8007D6E3A /* Preview Assets.xcassets in Resources */,
				1D4757922CCEF73B00EB6B2A /* GoogleService-Info.plist in Resources */,
				21DA5A342BB8857400047EA0 /* Lexend-Bold.ttf in Resources */,
				2155DC1C2B901CF8007D6E3A /* Assets.xcassets in Resources */,
				21DA5A2E2BB8857400047EA0 /* Lexend-Black.ttf in Resources */,
				21DA5A362BB8857400047EA0 /* Lexend-Regular.ttf in Resources */,
				21DA5A312BB8857400047EA0 /* Lexend-Medium.ttf in Resources */,
				21DA5A352BB8857400047EA0 /* Lexend-ExtraLight.ttf in Resources */,
			);
			runOnlyForDeploymentPostprocessing = 0;
		};
		2155DC272B901CF8007D6E3A /* Resources */ = {
			isa = PBXResourcesBuildPhase;
			buildActionMask = 2147483647;
			files = (
			);
			runOnlyForDeploymentPostprocessing = 0;
		};
		2155DC312B901CF8007D6E3A /* Resources */ = {
			isa = PBXResourcesBuildPhase;
			buildActionMask = 2147483647;
			files = (
			);
			runOnlyForDeploymentPostprocessing = 0;
		};
/* End PBXResourcesBuildPhase section */

/* Begin PBXSourcesBuildPhase section */
		2155DC102B901CF6007D6E3A /* Sources */ = {
			isa = PBXSourcesBuildPhase;
			buildActionMask = 2147483647;
			files = (
				2155DC212B901CF8007D6E3A /* Persistence.swift in Sources */,
				B2168A7B2CAA4A1A00119782 /* SignInFacebookHelper.swift in Sources */,
				214E071C2B9191E500208E20 /* LogInView.swift in Sources */,
				B22366752CA34623006F1B31 /* SuccessView.swift in Sources */,
				B22366692CA3292B006F1B31 /* AuthenticationManager.swift in Sources */,
				214E071A2B91909900208E20 /* LandingPageView.swift in Sources */,
				B22366732CA342CA006F1B31 /* SignInGoogleHelper.swift in Sources */,
				214E07182B91905700208E20 /* SignUpView.swift in Sources */,
				2155DC182B901CF6007D6E3A /* AuthenticApp.swift in Sources */,
				1D95CD1A2CCDB5880034A38D /* ProfileInformationView.swift in Sources */,
				B22366712CA32D09006F1B31 /* Utilities.swift in Sources */,
				2155DC242B901CF8007D6E3A /* Authentic.xcdatamodeld in Sources */,
			);
			runOnlyForDeploymentPostprocessing = 0;
		};
		2155DC252B901CF8007D6E3A /* Sources */ = {
			isa = PBXSourcesBuildPhase;
			buildActionMask = 2147483647;
			files = (
				2155DC2E2B901CF8007D6E3A /* AuthenticTests.swift in Sources */,
			);
			runOnlyForDeploymentPostprocessing = 0;
		};
		2155DC2F2B901CF8007D6E3A /* Sources */ = {
			isa = PBXSourcesBuildPhase;
			buildActionMask = 2147483647;
			files = (
				2155DC3A2B901CF8007D6E3A /* AuthenticUITestsLaunchTests.swift in Sources */,
				2155DC382B901CF8007D6E3A /* AuthenticUITests.swift in Sources */,
			);
			runOnlyForDeploymentPostprocessing = 0;
		};
/* End PBXSourcesBuildPhase section */

/* Begin PBXTargetDependency section */
		2155DC2B2B901CF8007D6E3A /* PBXTargetDependency */ = {
			isa = PBXTargetDependency;
			target = 2155DC132B901CF6007D6E3A /* Authentic */;
			targetProxy = 2155DC2A2B901CF8007D6E3A /* PBXContainerItemProxy */;
		};
		2155DC352B901CF8007D6E3A /* PBXTargetDependency */ = {
			isa = PBXTargetDependency;
			target = 2155DC132B901CF6007D6E3A /* Authentic */;
			targetProxy = 2155DC342B901CF8007D6E3A /* PBXContainerItemProxy */;
		};
/* End PBXTargetDependency section */

/* Begin XCBuildConfiguration section */
		2155DC3B2B901CF8007D6E3A /* Debug */ = {
			isa = XCBuildConfiguration;
			buildSettings = {
				ALWAYS_SEARCH_USER_PATHS = NO;
				CLANG_ANALYZER_NONNULL = YES;
				CLANG_ANALYZER_NUMBER_OBJECT_CONVERSION = YES_AGGRESSIVE;
				CLANG_CXX_LANGUAGE_STANDARD = "gnu++20";
				CLANG_ENABLE_MODULES = YES;
				CLANG_ENABLE_OBJC_ARC = YES;
				CLANG_ENABLE_OBJC_WEAK = YES;
				CLANG_WARN_BLOCK_CAPTURE_AUTORELEASING = YES;
				CLANG_WARN_BOOL_CONVERSION = YES;
				CLANG_WARN_COMMA = YES;
				CLANG_WARN_CONSTANT_CONVERSION = YES;
				CLANG_WARN_DEPRECATED_OBJC_IMPLEMENTATIONS = YES;
				CLANG_WARN_DIRECT_OBJC_ISA_USAGE = YES_ERROR;
				CLANG_WARN_DOCUMENTATION_COMMENTS = YES;
				CLANG_WARN_EMPTY_BODY = YES;
				CLANG_WARN_ENUM_CONVERSION = YES;
				CLANG_WARN_INFINITE_RECURSION = YES;
				CLANG_WARN_INT_CONVERSION = YES;
				CLANG_WARN_NON_LITERAL_NULL_CONVERSION = YES;
				CLANG_WARN_OBJC_IMPLICIT_RETAIN_SELF = YES;
				CLANG_WARN_OBJC_LITERAL_CONVERSION = YES;
				CLANG_WARN_OBJC_ROOT_CLASS = YES_ERROR;
				CLANG_WARN_QUOTED_INCLUDE_IN_FRAMEWORK_HEADER = YES;
				CLANG_WARN_RANGE_LOOP_ANALYSIS = YES;
				CLANG_WARN_STRICT_PROTOTYPES = YES;
				CLANG_WARN_SUSPICIOUS_MOVE = YES;
				CLANG_WARN_UNGUARDED_AVAILABILITY = YES_AGGRESSIVE;
				CLANG_WARN_UNREACHABLE_CODE = YES;
				CLANG_WARN__DUPLICATE_METHOD_MATCH = YES;
				COPY_PHASE_STRIP = NO;
				DEBUG_INFORMATION_FORMAT = dwarf;
				ENABLE_STRICT_OBJC_MSGSEND = YES;
				ENABLE_TESTABILITY = YES;
				ENABLE_USER_SCRIPT_SANDBOXING = YES;
				GCC_C_LANGUAGE_STANDARD = gnu11;
				GCC_DYNAMIC_NO_PIC = NO;
				GCC_NO_COMMON_BLOCKS = YES;
				GCC_OPTIMIZATION_LEVEL = 0;
				GCC_PREPROCESSOR_DEFINITIONS = (
					"DEBUG=1",
					"$(inherited)",
				);
				GCC_WARN_64_TO_32_BIT_CONVERSION = YES;
				GCC_WARN_ABOUT_RETURN_TYPE = YES_ERROR;
				GCC_WARN_UNDECLARED_SELECTOR = YES;
				GCC_WARN_UNINITIALIZED_AUTOS = YES_AGGRESSIVE;
				GCC_WARN_UNUSED_FUNCTION = YES;
				GCC_WARN_UNUSED_VARIABLE = YES;
				IPHONEOS_DEPLOYMENT_TARGET = 16.4;
				MTL_ENABLE_DEBUG_INFO = INCLUDE_SOURCE;
				MTL_FAST_MATH = YES;
				ONLY_ACTIVE_ARCH = YES;
				SDKROOT = iphoneos;
				SWIFT_ACTIVE_COMPILATION_CONDITIONS = DEBUG;
				SWIFT_OPTIMIZATION_LEVEL = "-Onone";
			};
			name = Debug;
		};
		2155DC3C2B901CF8007D6E3A /* Release */ = {
			isa = XCBuildConfiguration;
			buildSettings = {
				ALWAYS_SEARCH_USER_PATHS = NO;
				CLANG_ANALYZER_NONNULL = YES;
				CLANG_ANALYZER_NUMBER_OBJECT_CONVERSION = YES_AGGRESSIVE;
				CLANG_CXX_LANGUAGE_STANDARD = "gnu++20";
				CLANG_ENABLE_MODULES = YES;
				CLANG_ENABLE_OBJC_ARC = YES;
				CLANG_ENABLE_OBJC_WEAK = YES;
				CLANG_WARN_BLOCK_CAPTURE_AUTORELEASING = YES;
				CLANG_WARN_BOOL_CONVERSION = YES;
				CLANG_WARN_COMMA = YES;
				CLANG_WARN_CONSTANT_CONVERSION = YES;
				CLANG_WARN_DEPRECATED_OBJC_IMPLEMENTATIONS = YES;
				CLANG_WARN_DIRECT_OBJC_ISA_USAGE = YES_ERROR;
				CLANG_WARN_DOCUMENTATION_COMMENTS = YES;
				CLANG_WARN_EMPTY_BODY = YES;
				CLANG_WARN_ENUM_CONVERSION = YES;
				CLANG_WARN_INFINITE_RECURSION = YES;
				CLANG_WARN_INT_CONVERSION = YES;
				CLANG_WARN_NON_LITERAL_NULL_CONVERSION = YES;
				CLANG_WARN_OBJC_IMPLICIT_RETAIN_SELF = YES;
				CLANG_WARN_OBJC_LITERAL_CONVERSION = YES;
				CLANG_WARN_OBJC_ROOT_CLASS = YES_ERROR;
				CLANG_WARN_QUOTED_INCLUDE_IN_FRAMEWORK_HEADER = YES;
				CLANG_WARN_RANGE_LOOP_ANALYSIS = YES;
				CLANG_WARN_STRICT_PROTOTYPES = YES;
				CLANG_WARN_SUSPICIOUS_MOVE = YES;
				CLANG_WARN_UNGUARDED_AVAILABILITY = YES_AGGRESSIVE;
				CLANG_WARN_UNREACHABLE_CODE = YES;
				CLANG_WARN__DUPLICATE_METHOD_MATCH = YES;
				COPY_PHASE_STRIP = NO;
				DEBUG_INFORMATION_FORMAT = "dwarf-with-dsym";
				ENABLE_NS_ASSERTIONS = NO;
				ENABLE_STRICT_OBJC_MSGSEND = YES;
				ENABLE_USER_SCRIPT_SANDBOXING = YES;
				GCC_C_LANGUAGE_STANDARD = gnu11;
				GCC_NO_COMMON_BLOCKS = YES;
				GCC_WARN_64_TO_32_BIT_CONVERSION = YES;
				GCC_WARN_ABOUT_RETURN_TYPE = YES_ERROR;
				GCC_WARN_UNDECLARED_SELECTOR = YES;
				GCC_WARN_UNINITIALIZED_AUTOS = YES_AGGRESSIVE;
				GCC_WARN_UNUSED_FUNCTION = YES;
				GCC_WARN_UNUSED_VARIABLE = YES;
				IPHONEOS_DEPLOYMENT_TARGET = 16.4;
				MTL_ENABLE_DEBUG_INFO = NO;
				MTL_FAST_MATH = YES;
				SDKROOT = iphoneos;
				SWIFT_COMPILATION_MODE = wholemodule;
				SWIFT_OPTIMIZATION_LEVEL = "-O";
				VALIDATE_PRODUCT = YES;
			};
			name = Release;
		};
		2155DC3E2B901CF8007D6E3A /* Debug */ = {
			isa = XCBuildConfiguration;
			buildSettings = {
				ASSETCATALOG_COMPILER_APPICON_NAME = AppIcon;
				ASSETCATALOG_COMPILER_GLOBAL_ACCENT_COLOR_NAME = AccentColor;
				CODE_SIGN_ENTITLEMENTS = Authentic/Authentic.entitlements;
				CODE_SIGN_IDENTITY = "Apple Development";
				CODE_SIGN_STYLE = Automatic;
				CURRENT_PROJECT_VERSION = 1;
				DEVELOPMENT_ASSET_PATHS = "\"Authentic/Preview Content\"";
				DEVELOPMENT_TEAM = HJY28VA697;
				ENABLE_PREVIEWS = YES;
				GENERATE_INFOPLIST_FILE = YES;
				INFOPLIST_FILE = Authentic/Info.plist;
				INFOPLIST_KEY_UIApplicationSceneManifest_Generation = YES;
				INFOPLIST_KEY_UIApplicationSupportsIndirectInputEvents = YES;
				INFOPLIST_KEY_UILaunchScreen_Generation = YES;
				INFOPLIST_KEY_UISupportedInterfaceOrientations_iPad = "UIInterfaceOrientationPortrait UIInterfaceOrientationPortraitUpsideDown UIInterfaceOrientationLandscapeLeft UIInterfaceOrientationLandscapeRight";
				INFOPLIST_KEY_UISupportedInterfaceOrientations_iPhone = "UIInterfaceOrientationPortrait UIInterfaceOrientationLandscapeLeft UIInterfaceOrientationLandscapeRight";
				LD_RUNPATH_SEARCH_PATHS = (
					"$(inherited)",
					"@executable_path/Frameworks",
				);
				MARKETING_VERSION = 1.0;
				PRODUCT_BUNDLE_IDENTIFIER = com.AuthDev.Authenticc;
				PRODUCT_NAME = "$(TARGET_NAME)";
				PROVISIONING_PROFILE_SPECIFIER = "";
				SWIFT_EMIT_LOC_STRINGS = YES;
				SWIFT_VERSION = 5.0;
				TARGETED_DEVICE_FAMILY = "1,2";
			};
			name = Debug;
		};
		2155DC3F2B901CF8007D6E3A /* Release */ = {
			isa = XCBuildConfiguration;
			buildSettings = {
				ASSETCATALOG_COMPILER_APPICON_NAME = AppIcon;
				ASSETCATALOG_COMPILER_GLOBAL_ACCENT_COLOR_NAME = AccentColor;
				CODE_SIGN_ENTITLEMENTS = Authentic/Authentic.entitlements;
				CODE_SIGN_IDENTITY = "Apple Development";
				CODE_SIGN_STYLE = Automatic;
				CURRENT_PROJECT_VERSION = 1;
				DEVELOPMENT_ASSET_PATHS = "\"Authentic/Preview Content\"";
				DEVELOPMENT_TEAM = HJY28VA697;
				ENABLE_PREVIEWS = YES;
				GENERATE_INFOPLIST_FILE = YES;
				INFOPLIST_FILE = Authentic/Info.plist;
				INFOPLIST_KEY_UIApplicationSceneManifest_Generation = YES;
				INFOPLIST_KEY_UIApplicationSupportsIndirectInputEvents = YES;
				INFOPLIST_KEY_UILaunchScreen_Generation = YES;
				INFOPLIST_KEY_UISupportedInterfaceOrientations_iPad = "UIInterfaceOrientationPortrait UIInterfaceOrientationPortraitUpsideDown UIInterfaceOrientationLandscapeLeft UIInterfaceOrientationLandscapeRight";
				INFOPLIST_KEY_UISupportedInterfaceOrientations_iPhone = "UIInterfaceOrientationPortrait UIInterfaceOrientationLandscapeLeft UIInterfaceOrientationLandscapeRight";
				LD_RUNPATH_SEARCH_PATHS = (
					"$(inherited)",
					"@executable_path/Frameworks",
				);
				MARKETING_VERSION = 1.0;
				PRODUCT_BUNDLE_IDENTIFIER = com.AuthDev.Authenticc;
				PRODUCT_NAME = "$(TARGET_NAME)";
				PROVISIONING_PROFILE_SPECIFIER = "";
				SWIFT_EMIT_LOC_STRINGS = YES;
				SWIFT_VERSION = 5.0;
				TARGETED_DEVICE_FAMILY = "1,2";
			};
			name = Release;
		};
		2155DC412B901CF8007D6E3A /* Debug */ = {
			isa = XCBuildConfiguration;
			buildSettings = {
				ALWAYS_EMBED_SWIFT_STANDARD_LIBRARIES = YES;
				BUNDLE_LOADER = "$(TEST_HOST)";
				CODE_SIGN_STYLE = Automatic;
				CURRENT_PROJECT_VERSION = 1;
				GENERATE_INFOPLIST_FILE = YES;
				IPHONEOS_DEPLOYMENT_TARGET = 16.4;
				MARKETING_VERSION = 1.0;
				PRODUCT_BUNDLE_IDENTIFIER = com.AuthDev.AuthenticTests;
				PRODUCT_NAME = "$(TARGET_NAME)";
				SWIFT_EMIT_LOC_STRINGS = NO;
				SWIFT_VERSION = 5.0;
				TARGETED_DEVICE_FAMILY = "1,2";
				TEST_HOST = "$(BUILT_PRODUCTS_DIR)/Authentic.app/$(BUNDLE_EXECUTABLE_FOLDER_PATH)/Authentic";
			};
			name = Debug;
		};
		2155DC422B901CF8007D6E3A /* Release */ = {
			isa = XCBuildConfiguration;
			buildSettings = {
				ALWAYS_EMBED_SWIFT_STANDARD_LIBRARIES = YES;
				BUNDLE_LOADER = "$(TEST_HOST)";
				CODE_SIGN_STYLE = Automatic;
				CURRENT_PROJECT_VERSION = 1;
				GENERATE_INFOPLIST_FILE = YES;
				IPHONEOS_DEPLOYMENT_TARGET = 16.4;
				MARKETING_VERSION = 1.0;
				PRODUCT_BUNDLE_IDENTIFIER = com.AuthDev.AuthenticTests;
				PRODUCT_NAME = "$(TARGET_NAME)";
				SWIFT_EMIT_LOC_STRINGS = NO;
				SWIFT_VERSION = 5.0;
				TARGETED_DEVICE_FAMILY = "1,2";
				TEST_HOST = "$(BUILT_PRODUCTS_DIR)/Authentic.app/$(BUNDLE_EXECUTABLE_FOLDER_PATH)/Authentic";
			};
			name = Release;
		};
		2155DC442B901CF8007D6E3A /* Debug */ = {
			isa = XCBuildConfiguration;
			buildSettings = {
				ALWAYS_EMBED_SWIFT_STANDARD_LIBRARIES = YES;
				CODE_SIGN_STYLE = Automatic;
				CURRENT_PROJECT_VERSION = 1;
				GENERATE_INFOPLIST_FILE = YES;
				MARKETING_VERSION = 1.0;
				PRODUCT_BUNDLE_IDENTIFIER = com.AuthDev.AuthenticUITests;
				PRODUCT_NAME = "$(TARGET_NAME)";
				SWIFT_EMIT_LOC_STRINGS = NO;
				SWIFT_VERSION = 5.0;
				TARGETED_DEVICE_FAMILY = "1,2";
				TEST_TARGET_NAME = Authentic;
			};
			name = Debug;
		};
		2155DC452B901CF8007D6E3A /* Release */ = {
			isa = XCBuildConfiguration;
			buildSettings = {
				ALWAYS_EMBED_SWIFT_STANDARD_LIBRARIES = YES;
				CODE_SIGN_STYLE = Automatic;
				CURRENT_PROJECT_VERSION = 1;
				GENERATE_INFOPLIST_FILE = YES;
				MARKETING_VERSION = 1.0;
				PRODUCT_BUNDLE_IDENTIFIER = com.AuthDev.AuthenticUITests;
				PRODUCT_NAME = "$(TARGET_NAME)";
				SWIFT_EMIT_LOC_STRINGS = NO;
				SWIFT_VERSION = 5.0;
				TARGETED_DEVICE_FAMILY = "1,2";
				TEST_TARGET_NAME = Authentic;
			};
			name = Release;
		};
/* End XCBuildConfiguration section */

/* Begin XCConfigurationList section */
		2155DC0F2B901CF6007D6E3A /* Build configuration list for PBXProject "Authentic" */ = {
			isa = XCConfigurationList;
			buildConfigurations = (
				2155DC3B2B901CF8007D6E3A /* Debug */,
				2155DC3C2B901CF8007D6E3A /* Release */,
			);
			defaultConfigurationIsVisible = 0;
			defaultConfigurationName = Release;
		};
		2155DC3D2B901CF8007D6E3A /* Build configuration list for PBXNativeTarget "Authentic" */ = {
			isa = XCConfigurationList;
			buildConfigurations = (
				2155DC3E2B901CF8007D6E3A /* Debug */,
				2155DC3F2B901CF8007D6E3A /* Release */,
			);
			defaultConfigurationIsVisible = 0;
			defaultConfigurationName = Release;
		};
		2155DC402B901CF8007D6E3A /* Build configuration list for PBXNativeTarget "AuthenticTests" */ = {
			isa = XCConfigurationList;
			buildConfigurations = (
				2155DC412B901CF8007D6E3A /* Debug */,
				2155DC422B901CF8007D6E3A /* Release */,
			);
			defaultConfigurationIsVisible = 0;
			defaultConfigurationName = Release;
		};
		2155DC432B901CF8007D6E3A /* Build configuration list for PBXNativeTarget "AuthenticUITests" */ = {
			isa = XCConfigurationList;
			buildConfigurations = (
				2155DC442B901CF8007D6E3A /* Debug */,
				2155DC452B901CF8007D6E3A /* Release */,
			);
			defaultConfigurationIsVisible = 0;
			defaultConfigurationName = Release;
		};
/* End XCConfigurationList section */

/* Begin XCRemoteSwiftPackageReference section */
		2155DC482B901FC8007D6E3A /* XCRemoteSwiftPackageReference "swift-algorithms" */ = {
			isa = XCRemoteSwiftPackageReference;
			repositoryURL = "https://github.com/apple/swift-algorithms.git";
			requirement = {
				kind = upToNextMajorVersion;
				minimumVersion = 1.0.0;
			};
		};
		2155DC4B2B9021C7007D6E3A /* XCRemoteSwiftPackageReference "firebase-ios-sdk" */ = {
			isa = XCRemoteSwiftPackageReference;
			repositoryURL = "https://github.com/firebase/firebase-ios-sdk";
			requirement = {
				kind = upToNextMajorVersion;
				minimumVersion = 10.0.0;
			};
		};
		B223666A2CA32951006F1B31 /* XCRemoteSwiftPackageReference "GoogleSignIn-iOS" */ = {
			isa = XCRemoteSwiftPackageReference;
			repositoryURL = "https://github.com/google/GoogleSignIn-iOS.git";
			requirement = {
				kind = exactVersion;
				version = 7.0.0;
			};
		};
		B2A22B0F2CA3979E001DDF8B /* XCRemoteSwiftPackageReference "facebook-ios-sdk" */ = {
			isa = XCRemoteSwiftPackageReference;
			repositoryURL = "https://github.com/facebook/facebook-ios-sdk";
			requirement = {
				kind = upToNextMajorVersion;
				minimumVersion = 14.1.0;
			};
		};
/* End XCRemoteSwiftPackageReference section */

/* Begin XCSwiftPackageProductDependency section */
		1D4757892CCEA3F400EB6B2A /* FirebaseFirestore */ = {
			isa = XCSwiftPackageProductDependency;
			package = 2155DC4B2B9021C7007D6E3A /* XCRemoteSwiftPackageReference "firebase-ios-sdk" */;
			productName = FirebaseFirestore;
		};
		1D47578B2CCEF2BC00EB6B2A /* FirebaseFirestoreSwift */ = {
			isa = XCSwiftPackageProductDependency;
			package = 2155DC4B2B9021C7007D6E3A /* XCRemoteSwiftPackageReference "firebase-ios-sdk" */;
			productName = FirebaseFirestoreSwift;
		};
		1D47578D2CCEF2BC00EB6B2A /* FirebaseStorage */ = {
			isa = XCSwiftPackageProductDependency;
			package = 2155DC4B2B9021C7007D6E3A /* XCRemoteSwiftPackageReference "firebase-ios-sdk" */;
			productName = FirebaseStorage;
		};
		2155DC542B9021C7007D6E3A /* FirebaseAuth */ = {
			isa = XCSwiftPackageProductDependency;
			package = 2155DC4B2B9021C7007D6E3A /* XCRemoteSwiftPackageReference "firebase-ios-sdk" */;
			productName = FirebaseAuth;
		};
		2155DC5A2B9021C7007D6E3A /* FirebaseDatabaseSwift */ = {
			isa = XCSwiftPackageProductDependency;
			package = 2155DC4B2B9021C7007D6E3A /* XCRemoteSwiftPackageReference "firebase-ios-sdk" */;
			productName = FirebaseDatabaseSwift;
		};
		B223666B2CA32951006F1B31 /* GoogleSignIn */ = {
			isa = XCSwiftPackageProductDependency;
			package = B223666A2CA32951006F1B31 /* XCRemoteSwiftPackageReference "GoogleSignIn-iOS" */;
			productName = GoogleSignIn;
		};
		B223666D2CA32951006F1B31 /* GoogleSignInSwift */ = {
			isa = XCSwiftPackageProductDependency;
			package = B223666A2CA32951006F1B31 /* XCRemoteSwiftPackageReference "GoogleSignIn-iOS" */;
			productName = GoogleSignInSwift;
		};
		B2A22B102CA3979E001DDF8B /* FacebookCore */ = {
			isa = XCSwiftPackageProductDependency;
			package = B2A22B0F2CA3979E001DDF8B /* XCRemoteSwiftPackageReference "facebook-ios-sdk" */;
			productName = FacebookCore;
		};
		B2A22B122CA3979E001DDF8B /* FacebookLogin */ = {
			isa = XCSwiftPackageProductDependency;
			package = B2A22B0F2CA3979E001DDF8B /* XCRemoteSwiftPackageReference "facebook-ios-sdk" */;
			productName = FacebookLogin;
		};
/* End XCSwiftPackageProductDependency section */

/* Begin XCVersionGroup section */
		2155DC222B901CF8007D6E3A /* Authentic.xcdatamodeld */ = {
			isa = XCVersionGroup;
			children = (
				2155DC232B901CF8007D6E3A /* Authentic.xcdatamodel */,
			);
			currentVersion = 2155DC232B901CF8007D6E3A /* Authentic.xcdatamodel */;
			path = Authentic.xcdatamodeld;
			sourceTree = "<group>";
			versionGroupType = wrapper.xcdatamodel;
		};
/* End XCVersionGroup section */
	};
	rootObject = 2155DC0C2B901CF6007D6E3A /* Project object */;
}
